{
  "version": 4,
  "terraform_version": "1.13.2",
  "serial": 397,
  "lineage": "5c273fd9-61b7-a615-f0b7-e313766af030",
  "outputs": {
    "alb_dns_name": {
      "value": "mentalhealth-ecs-alb-980958532.ap-south-1.elb.amazonaws.com",
      "type": "string"
    },
    "backend_repo_url": {
      "value": "273505519511.dkr.ecr.ap-south-1.amazonaws.com/mentalhealth-repo",
      "type": "string"
    },
    "bastion_public_ip": {
      "value": "13.233.112.72",
      "type": "string"
    },
    "ecr_repository_url": {
      "value": "273505519511.dkr.ecr.ap-south-1.amazonaws.com/mentalhealth-repo",
      "type": "string"
    },
    "frontend_ecr_repository_url": {
      "value": "273505519511.dkr.ecr.ap-south-1.amazonaws.com/mentalhealth-ecs-frontend",
      "type": "string"
    },
    "frontend_repo_url": {
      "value": "273505519511.dkr.ecr.ap-south-1.amazonaws.com/mentalhealth-ecs-frontend",
      "type": "string"
    },
    "rds_endpoint": {
      "value": "mentalhealth-ecs-db.c1yyqaagy93j.ap-south-1.rds.amazonaws.com:5432",
      "type": "string"
    }
  },
  "resources": [
    {
      "mode": "data",
      "type": "aws_ami",
      "name": "amazon_linux_2023",
      "provider": "provider[\"registry.terraform.io/hashicorp/aws\"]",
      "instances": [
        {
          "schema_version": 0,
          "attributes": {
            "architecture": "x86_64",
            "arn": "arn:aws:ec2:ap-south-1::image/ami-05561ceba311a6c7b",
            "block_device_mappings": [
              {
                "device_name": "/dev/xvda",
                "ebs": {
                  "delete_on_termination": "true",
                  "encrypted": "false",
                  "iops": "3000",
                  "snapshot_id": "snap-07fd5d7badefeabf8",
                  "throughput": "125",
                  "volume_initialization_rate": "0",
                  "volume_size": "8",
                  "volume_type": "gp3"
                },
                "no_device": "",
                "virtual_name": ""
              }
            ],
            "boot_mode": "uefi-preferred",
            "creation_date": "2025-11-17T16:52:48.000Z",
            "deprecation_time": "2026-02-15T00:00:00.000Z",
            "description": "Amazon Linux 2023 AMI 2023.9.20251117.1 x86_64 HVM kernel-6.12",
            "ena_support": true,
            "executable_users": null,
            "filter": [
              {
                "name": "name",
                "values": [
                  "al2023-ami-2023.*-x86_64"
                ]
              }
            ],
            "hypervisor": "xen",
            "id": "ami-05561ceba311a6c7b",
            "image_id": "ami-05561ceba311a6c7b",
            "image_location": "amazon/al2023-ami-2023.9.20251117.1-kernel-6.12-x86_64",
            "image_owner_alias": "amazon",
            "image_type": "machine",
            "imds_support": "v2.0",
            "include_deprecated": false,
            "kernel_id": "",
            "last_launched_time": "",
            "most_recent": true,
            "name": "al2023-ami-2023.9.20251117.1-kernel-6.12-x86_64",
            "name_regex": null,
            "owner_id": "137112412989",
            "owners": [
              "amazon"
            ],
            "platform": "",
            "platform_details": "Linux/UNIX",
            "product_codes": [],
            "public": true,
            "ramdisk_id": "",
            "root_device_name": "/dev/xvda",
            "root_device_type": "ebs",
            "root_snapshot_id": "snap-07fd5d7badefeabf8",
            "sriov_net_support": "simple",
            "state": "available",
            "state_reason": {
              "code": "UNSET",
              "message": "UNSET"
            },
            "tags": {},
            "timeouts": null,
            "tpm_support": "",
            "uefi_data": null,
            "usage_operation": "RunInstances",
            "virtualization_type": "hvm"
          },
          "sensitive_attributes": [],
          "identity_schema_version": 0
        }
      ]
    },
    {
      "mode": "data",
      "type": "aws_availability_zones",
      "name": "available",
      "provider": "provider[\"registry.terraform.io/hashicorp/aws\"]",
      "instances": [
        {
          "schema_version": 0,
          "attributes": {
            "all_availability_zones": null,
            "exclude_names": null,
            "exclude_zone_ids": null,
            "filter": null,
            "group_names": [
              "ap-south-1-zg-1"
            ],
            "id": "ap-south-1",
            "names": [
              "ap-south-1a",
              "ap-south-1b",
              "ap-south-1c"
            ],
            "state": null,
            "timeouts": null,
            "zone_ids": [
              "aps1-az1",
              "aps1-az3",
              "aps1-az2"
            ]
          },
          "sensitive_attributes": [],
          "identity_schema_version": 0
        }
      ]
    },
    {
      "mode": "data",
      "type": "aws_iam_policy",
      "name": "ecs_exec",
      "provider": "provider[\"registry.terraform.io/hashicorp/aws\"]",
      "instances": [
        {
          "schema_version": 0,
          "attributes": {
            "arn": "arn:aws:iam::aws:policy/service-role/AmazonECSTaskExecutionRolePolicy",
            "attachment_count": 2,
            "description": "Provides access to other AWS service resources that are required to run Amazon ECS tasks",
            "id": "arn:aws:iam::aws:policy/service-role/AmazonECSTaskExecutionRolePolicy",
            "name": "AmazonECSTaskExecutionRolePolicy",
            "path": "/service-role/",
            "path_prefix": null,
            "policy": "{\n  \"Version\": \"2012-10-17\",\n  \"Statement\": [\n    {\n      \"Effect\": \"Allow\",\n      \"Action\": [\n        \"ecr:GetAuthorizationToken\",\n        \"ecr:BatchCheckLayerAvailability\",\n        \"ecr:GetDownloadUrlForLayer\",\n        \"ecr:BatchGetImage\",\n        \"logs:CreateLogStream\",\n        \"logs:PutLogEvents\"\n      ],\n      \"Resource\": \"*\"\n    }\n  ]\n}",
            "policy_id": "ANPAJG4T4G4PV56DE72PY",
            "tags": {}
          },
          "sensitive_attributes": [],
          "identity_schema_version": 0
        }
      ]
    },
    {
      "mode": "data",
      "type": "aws_route53_zone",
      "name": "this",
      "provider": "provider[\"registry.terraform.io/hashicorp/aws\"]",
      "instances": [
        {
          "schema_version": 0,
          "attributes": {
            "arn": "arn:aws:route53:::hostedzone/Z07738871MBAOKADK50W8",
            "caller_reference": "RISWorkflow-RD:0434f877-339d-41f8-a179-e509bb06d901",
            "comment": "HostedZone created by Route53 Registrar",
            "id": "Z07738871MBAOKADK50W8",
            "linked_service_description": null,
            "linked_service_principal": null,
            "name": "anxietyaicure.com",
            "name_servers": [
              "ns-1694.awsdns-19.co.uk",
              "ns-643.awsdns-16.net",
              "ns-370.awsdns-46.com",
              "ns-1236.awsdns-26.org"
            ],
            "primary_name_server": "ns-1694.awsdns-19.co.uk",
            "private_zone": false,
            "resource_record_set_count": 6,
            "tags": {},
            "vpc_id": null,
            "zone_id": "Z07738871MBAOKADK50W8"
          },
          "sensitive_attributes": [],
          "identity_schema_version": 0
        }
      ]
    },
    {
      "mode": "managed",
      "type": "aws_acm_certificate",
      "name": "cert",
      "provider": "provider[\"registry.terraform.io/hashicorp/aws\"]",
      "instances": [
        {
          "schema_version": 0,
          "attributes": {
            "arn": "arn:aws:acm:ap-south-1:273505519511:certificate/cec44828-afc9-413f-8736-d212879caf27",
            "certificate_authority_arn": "",
            "certificate_body": null,
            "certificate_chain": null,
            "domain_name": "anxietyaicure.com",
            "domain_validation_options": [
              {
                "domain_name": "*.anxietyaicure.com",
                "resource_record_name": "_6b914419a7b54d6a9a339a8fdaaf5262.anxietyaicure.com.",
                "resource_record_type": "CNAME",
                "resource_record_value": "_e008cc1dd2a763b6935755aee2eb1c57.jkddzztszm.acm-validations.aws."
              },
              {
                "domain_name": "anxietyaicure.com",
                "resource_record_name": "_6b914419a7b54d6a9a339a8fdaaf5262.anxietyaicure.com.",
                "resource_record_type": "CNAME",
                "resource_record_value": "_e008cc1dd2a763b6935755aee2eb1c57.jkddzztszm.acm-validations.aws."
              },
              {
                "domain_name": "www.anxietyaicure.com",
                "resource_record_name": "_b8072b12f152187f054ddcaa7dfc0e5a.www.anxietyaicure.com.",
                "resource_record_type": "CNAME",
                "resource_record_value": "_6bf2af9e0d41824c1c86f9f15078cf99.jkddzztszm.acm-validations.aws."
              }
            ],
            "early_renewal_duration": "",
            "id": "arn:aws:acm:ap-south-1:273505519511:certificate/cec44828-afc9-413f-8736-d212879caf27",
            "key_algorithm": "RSA_2048",
            "not_after": "2026-12-24T23:59:59Z",
            "not_before": "2025-11-25T00:00:00Z",
            "options": [
              {
                "certificate_transparency_logging_preference": "ENABLED"
              }
            ],
            "pending_renewal": false,
            "private_key": null,
            "renewal_eligibility": "ELIGIBLE",
            "renewal_summary": [],
            "status": "ISSUED",
            "subject_alternative_names": [
              "*.anxietyaicure.com",
              "anxietyaicure.com",
              "www.anxietyaicure.com"
            ],
            "tags": {
              "Name": "mentalhealth-ecs-cert"
            },
            "tags_all": {
              "Name": "mentalhealth-ecs-cert"
            },
            "type": "AMAZON_ISSUED",
            "validation_emails": [],
            "validation_method": "DNS",
            "validation_option": []
          },
          "sensitive_attributes": [
            [
              {
                "type": "get_attr",
                "value": "private_key"
              }
            ]
          ],
          "identity_schema_version": 0,
          "private": "bnVsbA==",
          "create_before_destroy": true
        }
      ]
    },
    {
      "mode": "managed",
      "type": "aws_acm_certificate_validation",
      "name": "cert",
      "provider": "provider[\"registry.terraform.io/hashicorp/aws\"]",
      "instances": [
        {
          "schema_version": 0,
          "attributes": {
            "certificate_arn": "arn:aws:acm:ap-south-1:273505519511:certificate/cec44828-afc9-413f-8736-d212879caf27",
            "id": "2025-11-25 03:14:10.664 +0000 UTC",
            "timeouts": null,
            "validation_record_fqdns": [
              "_6b914419a7b54d6a9a339a8fdaaf5262.anxietyaicure.com",
              "_b8072b12f152187f054ddcaa7dfc0e5a.www.anxietyaicure.com"
            ]
          },
          "sensitive_attributes": [],
          "identity_schema_version": 0,
          "private": "eyJlMmJmYjczMC1lY2FhLTExZTYtOGY4OC0zNDM2M2JjN2M0YzAiOnsiY3JlYXRlIjo0NTAwMDAwMDAwMDAwfX0=",
          "dependencies": [
            "aws_acm_certificate.cert",
            "aws_route53_record.cert_validation",
            "data.aws_route53_zone.this"
          ]
        }
      ]
    },
    {
      "mode": "managed",
      "type": "aws_cloudwatch_log_group",
      "name": "app",
      "provider": "provider[\"registry.terraform.io/hashicorp/aws\"]",
      "instances": [
        {
          "schema_version": 0,
          "attributes": {
            "arn": "arn:aws:logs:ap-south-1:273505519511:log-group:/ecs/mentalhealth-ecs",
            "id": "/ecs/mentalhealth-ecs",
            "kms_key_id": "",
            "log_group_class": "STANDARD",
            "name": "/ecs/mentalhealth-ecs",
            "name_prefix": "",
            "retention_in_days": 14,
            "skip_destroy": false,
            "tags": {},
            "tags_all": {}
          },
          "sensitive_attributes": [],
          "identity_schema_version": 0,
          "private": "bnVsbA=="
        }
      ]
    },
    {
      "mode": "managed",
      "type": "aws_db_instance",
      "name": "default",
      "provider": "provider[\"registry.terraform.io/hashicorp/aws\"]",
      "instances": [
        {
          "schema_version": 2,
          "attributes": {
            "address": "mentalhealth-ecs-db.c1yyqaagy93j.ap-south-1.rds.amazonaws.com",
            "allocated_storage": 20,
            "allow_major_version_upgrade": null,
            "apply_immediately": false,
            "arn": "arn:aws:rds:ap-south-1:273505519511:db:mentalhealth-ecs-db",
            "auto_minor_version_upgrade": true,
            "availability_zone": "ap-south-1b",
            "backup_retention_period": 0,
            "backup_target": "region",
            "backup_window": "21:26-21:56",
            "blue_green_update": [],
            "ca_cert_identifier": "rds-ca-rsa2048-g1",
            "character_set_name": "",
            "copy_tags_to_snapshot": false,
            "custom_iam_instance_profile": "",
            "customer_owned_ip_enabled": false,
            "database_insights_mode": "standard",
            "db_name": "mentalhealthforum",
            "db_subnet_group_name": "mentalhealth-ecs-db-subnet-group",
            "dedicated_log_volume": false,
            "delete_automated_backups": true,
            "deletion_protection": false,
            "domain": "",
            "domain_auth_secret_arn": "",
            "domain_dns_ips": [],
            "domain_fqdn": "",
            "domain_iam_role_name": "",
            "domain_ou": "",
            "enabled_cloudwatch_logs_exports": [],
            "endpoint": "mentalhealth-ecs-db.c1yyqaagy93j.ap-south-1.rds.amazonaws.com:5432",
            "engine": "postgres",
            "engine_lifecycle_support": "open-source-rds-extended-support",
            "engine_version": "17.4",
            "engine_version_actual": "17.4",
            "final_snapshot_identifier": null,
            "hosted_zone_id": "Z2VFMSZA74J7XZ",
            "iam_database_authentication_enabled": false,
            "id": "db-SSHBAD52NDEANPIHRZZSZYI5OQ",
            "identifier": "mentalhealth-ecs-db",
            "identifier_prefix": "",
            "instance_class": "db.t3.micro",
            "iops": 0,
            "kms_key_id": "",
            "latest_restorable_time": "",
            "license_model": "postgresql-license",
            "listener_endpoint": [],
            "maintenance_window": "mon:08:12-mon:08:42",
            "manage_master_user_password": null,
            "master_user_secret": [],
            "master_user_secret_kms_key_id": null,
            "max_allocated_storage": 0,
            "monitoring_interval": 0,
            "monitoring_role_arn": "",
            "multi_az": false,
            "nchar_character_set_name": "",
            "network_type": "IPV4",
            "option_group_name": "default:postgres-17",
            "parameter_group_name": "default.postgres17",
            "password": "password",
            "password_wo": null,
            "password_wo_version": null,
            "performance_insights_enabled": false,
            "performance_insights_kms_key_id": "",
            "performance_insights_retention_period": 0,
            "port": 5432,
            "publicly_accessible": false,
            "replica_mode": "",
            "replicas": [],
            "replicate_source_db": "",
            "resource_id": "db-SSHBAD52NDEANPIHRZZSZYI5OQ",
            "restore_to_point_in_time": [],
            "s3_import": [],
            "skip_final_snapshot": true,
            "snapshot_identifier": null,
            "status": "available",
            "storage_encrypted": false,
            "storage_throughput": 0,
            "storage_type": "gp2",
            "tags": {
              "Name": "mentalhealth-ecs-db"
            },
            "tags_all": {
              "Name": "mentalhealth-ecs-db"
            },
            "timeouts": null,
            "timezone": "",
            "upgrade_storage_config": null,
            "username": "postgres",
            "vpc_security_group_ids": [
              "sg-08d7ddaaccb0148e0"
            ]
          },
          "sensitive_attributes": [
            [
              {
                "type": "get_attr",
                "value": "password"
              }
            ],
            [
              {
                "type": "get_attr",
                "value": "password_wo"
              }
            ]
          ],
          "identity_schema_version": 0,
          "private": "eyJlMmJmYjczMC1lY2FhLTExZTYtOGY4OC0zNDM2M2JjN2M0YzAiOnsiY3JlYXRlIjozMDAwMDAwMDAwMDAwLCJkZWxldGUiOjM2MDAwMDAwMDAwMDAsInVwZGF0ZSI6NDgwMDAwMDAwMDAwMH0sInNjaGVtYV92ZXJzaW9uIjoiMiJ9",
          "dependencies": [
            "aws_db_subnet_group.default",
            "aws_security_group.alb_sg",
            "aws_security_group.bastion_sg",
            "aws_security_group.rds_sg",
            "aws_security_group.service_sg",
            "aws_subnet.private",
            "aws_vpc.this",
            "data.aws_availability_zones.available"
          ]
        }
      ]
    },
    {
      "mode": "managed",
      "type": "aws_db_subnet_group",
      "name": "default",
      "provider": "provider[\"registry.terraform.io/hashicorp/aws\"]",
      "instances": [
        {
          "schema_version": 0,
          "attributes": {
            "arn": "arn:aws:rds:ap-south-1:273505519511:subgrp:mentalhealth-ecs-db-subnet-group",
            "description": "Managed by Terraform",
            "id": "mentalhealth-ecs-db-subnet-group",
            "name": "mentalhealth-ecs-db-subnet-group",
            "name_prefix": "",
            "subnet_ids": [
              "subnet-0ce6a0384a3b0d39b",
              "subnet-0d1e485205d621922"
            ],
            "supported_network_types": [
              "IPV4"
            ],
            "tags": {
              "Name": "mentalhealth-ecs-db-subnet-group"
            },
            "tags_all": {
              "Name": "mentalhealth-ecs-db-subnet-group"
            },
            "vpc_id": "vpc-0c31c55dafe48a3b3"
          },
          "sensitive_attributes": [],
          "identity_schema_version": 0,
          "private": "bnVsbA==",
          "dependencies": [
            "aws_subnet.private",
            "aws_vpc.this",
            "data.aws_availability_zones.available"
          ]
        }
      ]
    },
    {
      "mode": "managed",
      "type": "aws_ecr_repository",
      "name": "frontend_repo",
      "provider": "provider[\"registry.terraform.io/hashicorp/aws\"]",
      "instances": [
        {
          "schema_version": 0,
          "attributes": {
            "arn": "arn:aws:ecr:ap-south-1:273505519511:repository/mentalhealth-ecs-frontend",
            "encryption_configuration": [
              {
                "encryption_type": "AES256",
                "kms_key": ""
              }
            ],
            "force_delete": true,
            "id": "mentalhealth-ecs-frontend",
            "image_scanning_configuration": [
              {
                "scan_on_push": true
              }
            ],
            "image_tag_mutability": "MUTABLE",
            "name": "mentalhealth-ecs-frontend",
            "registry_id": "273505519511",
            "repository_url": "273505519511.dkr.ecr.ap-south-1.amazonaws.com/mentalhealth-ecs-frontend",
            "tags": {
              "Name": "mentalhealth-ecs-frontend-ecr"
            },
            "tags_all": {
              "Name": "mentalhealth-ecs-frontend-ecr"
            },
            "timeouts": null
          },
          "sensitive_attributes": [],
          "identity_schema_version": 0,
          "private": "eyJlMmJmYjczMC1lY2FhLTExZTYtOGY4OC0zNDM2M2JjN2M0YzAiOnsiZGVsZXRlIjoxMjAwMDAwMDAwMDAwfX0="
        }
      ]
    },
    {
      "mode": "managed",
      "type": "aws_ecr_repository",
      "name": "repo",
      "provider": "provider[\"registry.terraform.io/hashicorp/aws\"]",
      "instances": [
        {
          "schema_version": 0,
          "attributes": {
            "arn": "arn:aws:ecr:ap-south-1:273505519511:repository/mentalhealth-repo",
            "encryption_configuration": [
              {
                "encryption_type": "AES256",
                "kms_key": ""
              }
            ],
            "force_delete": true,
            "id": "mentalhealth-repo",
            "image_scanning_configuration": [
              {
                "scan_on_push": true
              }
            ],
            "image_tag_mutability": "MUTABLE",
            "name": "mentalhealth-repo",
            "registry_id": "273505519511",
            "repository_url": "273505519511.dkr.ecr.ap-south-1.amazonaws.com/mentalhealth-repo",
            "tags": {
              "Name": "mentalhealth-ecs-ecr"
            },
            "tags_all": {
              "Name": "mentalhealth-ecs-ecr"
            },
            "timeouts": null
          },
          "sensitive_attributes": [],
          "identity_schema_version": 0,
          "private": "eyJlMmJmYjczMC1lY2FhLTExZTYtOGY4OC0zNDM2M2JjN2M0YzAiOnsiZGVsZXRlIjoxMjAwMDAwMDAwMDAwfX0="
        }
      ]
    },
    {
      "mode": "managed",
      "type": "aws_ecs_cluster",
      "name": "this",
      "provider": "provider[\"registry.terraform.io/hashicorp/aws\"]",
      "instances": [
        {
          "schema_version": 0,
          "attributes": {
            "arn": "arn:aws:ecs:ap-south-1:273505519511:cluster/mentalhealth-ecs-cluster",
            "configuration": [],
            "id": "arn:aws:ecs:ap-south-1:273505519511:cluster/mentalhealth-ecs-cluster",
            "name": "mentalhealth-ecs-cluster",
            "service_connect_defaults": [],
            "setting": [
              {
                "name": "containerInsights",
                "value": "enabled"
              }
            ],
            "tags": {
              "Name": "mentalhealth-ecs-cluster"
            },
            "tags_all": {
              "Name": "mentalhealth-ecs-cluster"
            }
          },
          "sensitive_attributes": [],
          "identity_schema_version": 0,
          "private": "bnVsbA=="
        }
      ]
    },
    {
      "mode": "managed",
      "type": "aws_ecs_service",
      "name": "app",
      "provider": "provider[\"registry.terraform.io/hashicorp/aws\"]",
      "instances": [
        {
          "schema_version": 1,
          "attributes": {
            "alarms": [],
            "availability_zone_rebalancing": "DISABLED",
            "capacity_provider_strategy": [],
            "cluster": "arn:aws:ecs:ap-south-1:273505519511:cluster/mentalhealth-ecs-cluster",
            "deployment_circuit_breaker": [
              {
                "enable": false,
                "rollback": false
              }
            ],
            "deployment_controller": [
              {
                "type": "ECS"
              }
            ],
            "deployment_maximum_percent": 200,
            "deployment_minimum_healthy_percent": 100,
            "desired_count": 1,
            "enable_ecs_managed_tags": false,
            "enable_execute_command": false,
            "force_delete": null,
            "force_new_deployment": null,
            "health_check_grace_period_seconds": 60,
            "iam_role": "/aws-service-role/ecs.amazonaws.com/AWSServiceRoleForECS",
            "id": "arn:aws:ecs:ap-south-1:273505519511:service/mentalhealth-ecs-cluster/mentalhealth-ecs-svc",
            "launch_type": "FARGATE",
            "load_balancer": [
              {
                "container_name": "app",
                "container_port": 8080,
                "elb_name": "",
                "target_group_arn": "arn:aws:elasticloadbalancing:ap-south-1:273505519511:targetgroup/mentalhealth-ecs-tg/53f0e87768f64f35"
              }
            ],
            "name": "mentalhealth-ecs-svc",
            "network_configuration": [
              {
                "assign_public_ip": true,
                "security_groups": [
                  "sg-06715553f16582231"
                ],
                "subnets": [
                  "subnet-03e050907223f1119",
                  "subnet-0772b99ee471d041a"
                ]
              }
            ],
            "ordered_placement_strategy": [],
            "placement_constraints": [],
            "platform_version": "LATEST",
            "propagate_tags": "NONE",
            "scheduling_strategy": "REPLICA",
            "service_connect_configuration": [],
            "service_registries": [],
            "tags": {
              "Name": "mentalhealth-ecs-service"
            },
            "tags_all": {
              "Name": "mentalhealth-ecs-service"
            },
            "task_definition": "arn:aws:ecs:ap-south-1:273505519511:task-definition/mentalhealth-ecs-task:7",
            "timeouts": null,
            "triggers": {},
            "volume_configuration": [],
            "vpc_lattice_configurations": [],
            "wait_for_steady_state": false
          },
          "sensitive_attributes": [],
          "identity_schema_version": 0,
          "private": "eyJlMmJmYjczMC1lY2FhLTExZTYtOGY4OC0zNDM2M2JjN2M0YzAiOnsiY3JlYXRlIjoxMjAwMDAwMDAwMDAwLCJkZWxldGUiOjEyMDAwMDAwMDAwMDAsInVwZGF0ZSI6MTIwMDAwMDAwMDAwMH0sInNjaGVtYV92ZXJzaW9uIjoiMSJ9",
          "dependencies": [
            "aws_cloudwatch_log_group.app",
            "aws_db_instance.default",
            "aws_db_subnet_group.default",
            "aws_ecr_repository.repo",
            "aws_ecs_cluster.this",
            "aws_ecs_task_definition.app",
            "aws_iam_role.task_execution",
            "aws_lb.app",
            "aws_lb_listener.http",
            "aws_lb_target_group.app",
            "aws_security_group.alb_sg",
            "aws_security_group.bastion_sg",
            "aws_security_group.rds_sg",
            "aws_security_group.service_sg",
            "aws_subnet.private",
            "aws_subnet.public",
            "aws_vpc.this",
            "data.aws_availability_zones.available"
          ]
        }
      ]
    },
    {
      "mode": "managed",
      "type": "aws_ecs_service",
      "name": "frontend",
      "provider": "provider[\"registry.terraform.io/hashicorp/aws\"]",
      "instances": [
        {
          "schema_version": 1,
          "attributes": {
            "alarms": [],
            "availability_zone_rebalancing": "DISABLED",
            "capacity_provider_strategy": [],
            "cluster": "arn:aws:ecs:ap-south-1:273505519511:cluster/mentalhealth-ecs-cluster",
            "deployment_circuit_breaker": [
              {
                "enable": false,
                "rollback": false
              }
            ],
            "deployment_controller": [
              {
                "type": "ECS"
              }
            ],
            "deployment_maximum_percent": 200,
            "deployment_minimum_healthy_percent": 100,
            "desired_count": 1,
            "enable_ecs_managed_tags": false,
            "enable_execute_command": false,
            "force_delete": null,
            "force_new_deployment": null,
            "health_check_grace_period_seconds": 0,
            "iam_role": "/aws-service-role/ecs.amazonaws.com/AWSServiceRoleForECS",
            "id": "arn:aws:ecs:ap-south-1:273505519511:service/mentalhealth-ecs-cluster/mentalhealth-ecs-frontend-svc",
            "launch_type": "FARGATE",
            "load_balancer": [
              {
                "container_name": "frontend",
                "container_port": 80,
                "elb_name": "",
                "target_group_arn": "arn:aws:elasticloadbalancing:ap-south-1:273505519511:targetgroup/mentalhealth-ecs-frontend-tg/2de54ea0463b8810"
              }
            ],
            "name": "mentalhealth-ecs-frontend-svc",
            "network_configuration": [
              {
                "assign_public_ip": true,
                "security_groups": [
                  "sg-06715553f16582231"
                ],
                "subnets": [
                  "subnet-03e050907223f1119",
                  "subnet-0772b99ee471d041a"
                ]
              }
            ],
            "ordered_placement_strategy": [],
            "placement_constraints": [],
            "platform_version": "LATEST",
            "propagate_tags": "NONE",
            "scheduling_strategy": "REPLICA",
            "service_connect_configuration": [],
            "service_registries": [],
            "tags": {
              "Name": "mentalhealth-ecs-frontend-service"
            },
            "tags_all": {
              "Name": "mentalhealth-ecs-frontend-service"
            },
            "task_definition": "arn:aws:ecs:ap-south-1:273505519511:task-definition/mentalhealth-ecs-frontend-task:4",
            "timeouts": null,
            "triggers": {},
            "volume_configuration": [],
            "vpc_lattice_configurations": [],
            "wait_for_steady_state": false
          },
          "sensitive_attributes": [],
          "identity_schema_version": 0,
          "private": "eyJlMmJmYjczMC1lY2FhLTExZTYtOGY4OC0zNDM2M2JjN2M0YzAiOnsiY3JlYXRlIjoxMjAwMDAwMDAwMDAwLCJkZWxldGUiOjEyMDAwMDAwMDAwMDAsInVwZGF0ZSI6MTIwMDAwMDAwMDAwMH0sInNjaGVtYV92ZXJzaW9uIjoiMSJ9",
          "dependencies": [
            "aws_cloudwatch_log_group.app",
            "aws_ecr_repository.frontend_repo",
            "aws_ecs_cluster.this",
            "aws_ecs_task_definition.frontend",
            "aws_iam_role.task_execution",
            "aws_lb.app",
            "aws_lb_listener.http",
            "aws_lb_target_group.frontend",
            "aws_security_group.alb_sg",
            "aws_security_group.service_sg",
            "aws_subnet.public",
            "aws_vpc.this",
            "data.aws_availability_zones.available"
          ]
        }
      ]
    },
    {
      "mode": "managed",
      "type": "aws_ecs_task_definition",
      "name": "app",
      "provider": "provider[\"registry.terraform.io/hashicorp/aws\"]",
      "instances": [
        {
          "schema_version": 1,
          "attributes": {
            "arn": "arn:aws:ecs:ap-south-1:273505519511:task-definition/mentalhealth-ecs-task:7",
            "arn_without_revision": "arn:aws:ecs:ap-south-1:273505519511:task-definition/mentalhealth-ecs-task",
            "container_definitions": "[{\"environment\":[{\"name\":\"SPRING_DATASOURCE_PASSWORD\",\"value\":\"password\"},{\"name\":\"SPRING_DATASOURCE_URL\",\"value\":\"jdbc:postgresql://mentalhealth-ecs-db.c1yyqaagy93j.ap-south-1.rds.amazonaws.com:5432/mentalhealthforum\"},{\"name\":\"SPRING_DATASOURCE_USERNAME\",\"value\":\"postgres\"},{\"name\":\"SPRING_JPA_HIBERNATE_DDL_AUTO\",\"value\":\"update\"}],\"essential\":true,\"image\":\"273505519511.dkr.ecr.ap-south-1.amazonaws.com/mentalhealth-repo:v1\",\"logConfiguration\":{\"logDriver\":\"awslogs\",\"options\":{\"awslogs-region\":\"ap-south-1\",\"awslogs-stream-prefix\":\"ecs\",\"awslogs-group\":\"/ecs/mentalhealth-ecs\"}},\"mountPoints\":[],\"name\":\"app\",\"portMappings\":[{\"appProtocol\":\"http\",\"containerPort\":8080,\"hostPort\":8080,\"protocol\":\"tcp\"}],\"systemControls\":[],\"volumesFrom\":[]}]",
            "cpu": "256",
            "enable_fault_injection": false,
            "ephemeral_storage": [],
            "execution_role_arn": "arn:aws:iam::273505519511:role/mentalhealth-ecs-task-exec-role",
            "family": "mentalhealth-ecs-task",
            "id": "mentalhealth-ecs-task",
            "inference_accelerator": [],
            "ipc_mode": "",
            "memory": "512",
            "network_mode": "awsvpc",
            "pid_mode": "",
            "placement_constraints": [],
            "proxy_configuration": [],
            "requires_compatibilities": [
              "FARGATE"
            ],
            "revision": 7,
            "runtime_platform": [
              {
                "cpu_architecture": "X86_64",
                "operating_system_family": "LINUX"
              }
            ],
            "skip_destroy": false,
            "tags": {
              "Name": "mentalhealth-ecs-taskdef"
            },
            "tags_all": {
              "Name": "mentalhealth-ecs-taskdef"
            },
            "task_role_arn": "",
            "track_latest": false,
            "volume": []
          },
          "sensitive_attributes": [
            [
              {
                "type": "get_attr",
                "value": "container_definitions"
              }
            ]
          ],
          "identity_schema_version": 0,
          "private": "eyJzY2hlbWFfdmVyc2lvbiI6IjEifQ==",
          "dependencies": [
            "aws_cloudwatch_log_group.app",
            "aws_db_instance.default",
            "aws_db_subnet_group.default",
            "aws_ecr_repository.repo",
            "aws_iam_role.task_execution",
            "aws_security_group.alb_sg",
            "aws_security_group.bastion_sg",
            "aws_security_group.rds_sg",
            "aws_security_group.service_sg",
            "aws_subnet.private",
            "aws_vpc.this",
            "data.aws_availability_zones.available"
          ]
        }
      ]
    },
    {
      "mode": "managed",
      "type": "aws_ecs_task_definition",
      "name": "frontend",
      "provider": "provider[\"registry.terraform.io/hashicorp/aws\"]",
      "instances": [
        {
          "schema_version": 1,
          "attributes": {
            "arn": "arn:aws:ecs:ap-south-1:273505519511:task-definition/mentalhealth-ecs-frontend-task:4",
            "arn_without_revision": "arn:aws:ecs:ap-south-1:273505519511:task-definition/mentalhealth-ecs-frontend-task",
            "container_definitions": "[{\"environment\":[],\"essential\":true,\"image\":\"273505519511.dkr.ecr.ap-south-1.amazonaws.com/mentalhealth-ecs-frontend:v3\",\"logConfiguration\":{\"logDriver\":\"awslogs\",\"options\":{\"awslogs-region\":\"ap-south-1\",\"awslogs-stream-prefix\":\"frontend-ecs\",\"awslogs-group\":\"/ecs/mentalhealth-ecs\"}},\"mountPoints\":[],\"name\":\"frontend\",\"portMappings\":[{\"appProtocol\":\"http\",\"containerPort\":80,\"hostPort\":80,\"protocol\":\"tcp\"}],\"systemControls\":[],\"volumesFrom\":[]}]",
            "cpu": "256",
            "enable_fault_injection": false,
            "ephemeral_storage": [],
            "execution_role_arn": "arn:aws:iam::273505519511:role/mentalhealth-ecs-task-exec-role",
            "family": "mentalhealth-ecs-frontend-task",
            "id": "mentalhealth-ecs-frontend-task",
            "inference_accelerator": [],
            "ipc_mode": "",
            "memory": "512",
            "network_mode": "awsvpc",
            "pid_mode": "",
            "placement_constraints": [],
            "proxy_configuration": [],
            "requires_compatibilities": [
              "FARGATE"
            ],
            "revision": 4,
            "runtime_platform": [
              {
                "cpu_architecture": "X86_64",
                "operating_system_family": "LINUX"
              }
            ],
            "skip_destroy": false,
            "tags": {
              "Name": "mentalhealth-ecs-frontend-taskdef"
            },
            "tags_all": {
              "Name": "mentalhealth-ecs-frontend-taskdef"
            },
            "task_role_arn": "",
            "track_latest": false,
            "volume": []
          },
          "sensitive_attributes": [],
          "identity_schema_version": 0,
          "private": "eyJzY2hlbWFfdmVyc2lvbiI6IjEifQ==",
          "dependencies": [
            "aws_cloudwatch_log_group.app",
            "aws_ecr_repository.frontend_repo",
            "aws_iam_role.task_execution"
          ]
        }
      ]
    },
    {
      "mode": "managed",
      "type": "aws_iam_role",
      "name": "task_execution",
      "provider": "provider[\"registry.terraform.io/hashicorp/aws\"]",
      "instances": [
        {
          "schema_version": 0,
          "attributes": {
            "arn": "arn:aws:iam::273505519511:role/mentalhealth-ecs-task-exec-role",
            "assume_role_policy": "{\"Statement\":[{\"Action\":\"sts:AssumeRole\",\"Effect\":\"Allow\",\"Principal\":{\"Service\":\"ecs-tasks.amazonaws.com\"}}],\"Version\":\"2012-10-17\"}",
            "create_date": "2025-11-25T03:13:49Z",
            "description": "",
            "force_detach_policies": false,
            "id": "mentalhealth-ecs-task-exec-role",
            "inline_policy": [],
            "managed_policy_arns": [
              "arn:aws:iam::aws:policy/service-role/AmazonECSTaskExecutionRolePolicy"
            ],
            "max_session_duration": 3600,
            "name": "mentalhealth-ecs-task-exec-role",
            "name_prefix": "",
            "path": "/",
            "permissions_boundary": "",
            "tags": {},
            "tags_all": {},
            "unique_id": "AROAT7LRTA6LQIBX4YPEA"
          },
          "sensitive_attributes": [],
          "identity_schema_version": 0,
          "private": "bnVsbA=="
        }
      ]
    },
    {
      "mode": "managed",
      "type": "aws_iam_role_policy_attachment",
      "name": "task_exec_attach",
      "provider": "provider[\"registry.terraform.io/hashicorp/aws\"]",
      "instances": [
        {
          "schema_version": 0,
          "attributes": {
            "id": "mentalhealth-ecs-task-exec-role-20251125031350705900000002",
            "policy_arn": "arn:aws:iam::aws:policy/service-role/AmazonECSTaskExecutionRolePolicy",
            "role": "mentalhealth-ecs-task-exec-role"
          },
          "sensitive_attributes": [],
          "identity_schema_version": 0,
          "private": "bnVsbA==",
          "dependencies": [
            "aws_iam_role.task_execution",
            "data.aws_iam_policy.ecs_exec"
          ]
        }
      ]
    },
    {
      "mode": "managed",
      "type": "aws_instance",
      "name": "bastion",
      "provider": "provider[\"registry.terraform.io/hashicorp/aws\"]",
      "instances": [
        {
          "schema_version": 1,
          "attributes": {
            "ami": "ami-05561ceba311a6c7b",
            "arn": "arn:aws:ec2:ap-south-1:273505519511:instance/i-0850253d1d3214e55",
            "associate_public_ip_address": true,
            "availability_zone": "ap-south-1a",
            "capacity_reservation_specification": [
              {
                "capacity_reservation_preference": "open",
                "capacity_reservation_target": []
              }
            ],
            "cpu_core_count": 1,
            "cpu_options": [
              {
                "amd_sev_snp": "",
                "core_count": 1,
                "threads_per_core": 1
              }
            ],
            "cpu_threads_per_core": 1,
            "credit_specification": [
              {
                "cpu_credits": "standard"
              }
            ],
            "disable_api_stop": false,
            "disable_api_termination": false,
            "ebs_block_device": [],
            "ebs_optimized": false,
            "enable_primary_ipv6": null,
            "enclave_options": [
              {
                "enabled": false
              }
            ],
            "ephemeral_block_device": [],
            "get_password_data": false,
            "hibernation": false,
            "host_id": "",
            "host_resource_group_arn": null,
            "iam_instance_profile": "",
            "id": "i-0850253d1d3214e55",
            "instance_initiated_shutdown_behavior": "stop",
            "instance_lifecycle": "",
            "instance_market_options": [],
            "instance_state": "running",
            "instance_type": "t2.micro",
            "ipv6_address_count": 0,
            "ipv6_addresses": [],
            "key_name": "mentalhealth-ecs-bastion-key",
            "launch_template": [],
            "maintenance_options": [
              {
                "auto_recovery": "default"
              }
            ],
            "metadata_options": [
              {
                "http_endpoint": "enabled",
                "http_protocol_ipv6": "disabled",
                "http_put_response_hop_limit": 2,
                "http_tokens": "required",
                "instance_metadata_tags": "disabled"
              }
            ],
            "monitoring": false,
            "network_interface": [],
            "outpost_arn": "",
            "password_data": "",
            "placement_group": "",
            "placement_partition_number": 0,
            "primary_network_interface_id": "eni-0786067e49f01a252",
            "private_dns": "ip-10-0-1-176.ap-south-1.compute.internal",
            "private_dns_name_options": [
              {
                "enable_resource_name_dns_a_record": false,
                "enable_resource_name_dns_aaaa_record": false,
                "hostname_type": "ip-name"
              }
            ],
            "private_ip": "10.0.1.176",
            "public_dns": "ec2-13-233-112-72.ap-south-1.compute.amazonaws.com",
            "public_ip": "13.233.112.72",
            "root_block_device": [
              {
                "delete_on_termination": true,
                "device_name": "/dev/xvda",
                "encrypted": false,
                "iops": 3000,
                "kms_key_id": "",
                "tags": {},
                "tags_all": {},
                "throughput": 125,
                "volume_id": "vol-03a544dcbdd7b7358",
                "volume_size": 8,
                "volume_type": "gp3"
              }
            ],
            "secondary_private_ips": [],
            "security_groups": [],
            "source_dest_check": true,
            "spot_instance_request_id": "",
            "subnet_id": "subnet-0772b99ee471d041a",
            "tags": {
              "Name": "mentalhealth-ecs-bastion"
            },
            "tags_all": {
              "Name": "mentalhealth-ecs-bastion"
            },
            "tenancy": "default",
            "timeouts": null,
            "user_data": null,
            "user_data_base64": null,
            "user_data_replace_on_change": false,
            "volume_tags": null,
            "vpc_security_group_ids": [
              "sg-0557b896bedc1c18f"
            ]
          },
          "sensitive_attributes": [],
          "identity_schema_version": 0,
          "private": "eyJlMmJmYjczMC1lY2FhLTExZTYtOGY4OC0zNDM2M2JjN2M0YzAiOnsiY3JlYXRlIjo2MDAwMDAwMDAwMDAsImRlbGV0ZSI6MTIwMDAwMDAwMDAwMCwicmVhZCI6OTAwMDAwMDAwMDAwLCJ1cGRhdGUiOjYwMDAwMDAwMDAwMH0sInNjaGVtYV92ZXJzaW9uIjoiMSJ9",
          "dependencies": [
            "aws_key_pair.bastion",
            "aws_security_group.bastion_sg",
            "aws_subnet.public",
            "aws_vpc.this",
            "data.aws_ami.amazon_linux_2023",
            "data.aws_availability_zones.available",
            "tls_private_key.bastion"
          ]
        }
      ]
    },
    {
      "mode": "managed",
      "type": "aws_internet_gateway",
      "name": "igw",
      "provider": "provider[\"registry.terraform.io/hashicorp/aws\"]",
      "instances": [
        {
          "schema_version": 0,
          "attributes": {
            "arn": "arn:aws:ec2:ap-south-1:273505519511:internet-gateway/igw-070a4ab39e676649e",
            "id": "igw-070a4ab39e676649e",
            "owner_id": "273505519511",
            "tags": {
              "Name": "mentalhealth-ecs-igw"
            },
            "tags_all": {
              "Name": "mentalhealth-ecs-igw"
            },
            "timeouts": null,
            "vpc_id": "vpc-0c31c55dafe48a3b3"
          },
          "sensitive_attributes": [],
          "identity_schema_version": 0,
          "private": "eyJlMmJmYjczMC1lY2FhLTExZTYtOGY4OC0zNDM2M2JjN2M0YzAiOnsiY3JlYXRlIjoxMjAwMDAwMDAwMDAwLCJkZWxldGUiOjEyMDAwMDAwMDAwMDAsInVwZGF0ZSI6MTIwMDAwMDAwMDAwMH19",
          "dependencies": [
            "aws_vpc.this"
          ]
        }
      ]
    },
    {
      "mode": "managed",
      "type": "aws_key_pair",
      "name": "bastion",
      "provider": "provider[\"registry.terraform.io/hashicorp/aws\"]",
      "instances": [
        {
          "schema_version": 1,
          "attributes": {
            "arn": "arn:aws:ec2:ap-south-1:273505519511:key-pair/mentalhealth-ecs-bastion-key",
            "fingerprint": "d7:a0:9a:95:7a:fb:98:03:aa:72:e2:17:ca:1f:20:9d",
            "id": "mentalhealth-ecs-bastion-key",
            "key_name": "mentalhealth-ecs-bastion-key",
            "key_name_prefix": "",
            "key_pair_id": "key-0d966794bd4d23476",
            "key_type": "rsa",
            "public_key": "ssh-rsa AAAAB3NzaC1yc2EAAAADAQABAAACAQDHYGlOTGoUX4jwNAYJiCBiLHqgnZ5ir11M5WaX19kdrjV6E+nHZZWb7/qwVIIDZ7l4Y5k8GZvlOwQwb84Q2JQSWA4emzKpr1/dXHlgXovLDcVGXCDxk56tQVMd0ui3om4QkFwM/6dT3+XkHKZxnIETzUXTQuIzzRrD9dYAahinKKdYEtN3YZ4mMSvAKDaKWxTGJNrP0qy75chHdRP0ZqwVPFP0VS5AFSqXsG/Q7It+hKGPp5ANXYuCudiOjZeXNh3/Lka4ApWPMigCs6tKBrriyARcK+kbsG25vXNYRlxoZxK+xNSjk3uLHdRkdyBcrY5W64sug9QbHI+UiKvt3057hR9HZk2o5SQ3uz1T+wplWpIAJqt8aNRWJGLZPwGXoanNdvmOSPV9Wpw/KR+uOFgWkATSnT3SKuaDnycpkW1j0NtaAqlQX2aYGhgmlkamI4tJ8uAx577t2WcPe2TTPRI0XofXoOVxhefoqK3ROYQrSfBZQ8vvidcmaLp5CvhqXn3aWZKokVqYSH/+Jhh4Jc1wNoHbnqOgS5hxVjitGSxVsKtmdXuRwt3fNAr6CDO1+O7V2Ecc/+Vzl3AuOTVgRK2MHdiZ15PkysMUaL9IBVO7P36NWugIwCXzIaRCWjy09IHLFobqDHuoLK3iCQ1OyQosFbUQQbFbjQzuXWU+SLngtQ==",
            "tags": null,
            "tags_all": {}
          },
          "sensitive_attributes": [],
          "identity_schema_version": 0,
          "private": "eyJzY2hlbWFfdmVyc2lvbiI6IjEifQ==",
          "dependencies": [
            "tls_private_key.bastion"
          ]
        }
      ]
    },
    {
      "mode": "managed",
      "type": "aws_lb",
      "name": "app",
      "provider": "provider[\"registry.terraform.io/hashicorp/aws\"]",
      "instances": [
        {
          "schema_version": 0,
          "attributes": {
            "access_logs": [
              {
                "bucket": "",
                "enabled": false,
                "prefix": ""
              }
            ],
            "arn": "arn:aws:elasticloadbalancing:ap-south-1:273505519511:loadbalancer/app/mentalhealth-ecs-alb/ea81e3c638510493",
            "arn_suffix": "app/mentalhealth-ecs-alb/ea81e3c638510493",
            "client_keep_alive": 3600,
            "connection_logs": [
              {
                "bucket": "",
                "enabled": false,
                "prefix": ""
              }
            ],
            "customer_owned_ipv4_pool": "",
            "desync_mitigation_mode": "defensive",
            "dns_name": "mentalhealth-ecs-alb-980958532.ap-south-1.elb.amazonaws.com",
            "dns_record_client_routing_policy": null,
            "drop_invalid_header_fields": false,
            "enable_cross_zone_load_balancing": true,
            "enable_deletion_protection": false,
            "enable_http2": true,
            "enable_tls_version_and_cipher_suite_headers": false,
            "enable_waf_fail_open": false,
            "enable_xff_client_port": false,
            "enable_zonal_shift": false,
            "enforce_security_group_inbound_rules_on_private_link_traffic": "",
            "id": "arn:aws:elasticloadbalancing:ap-south-1:273505519511:loadbalancer/app/mentalhealth-ecs-alb/ea81e3c638510493",
            "idle_timeout": 60,
            "internal": false,
            "ip_address_type": "ipv4",
            "ipam_pools": [],
            "load_balancer_type": "application",
            "minimum_load_balancer_capacity": [],
            "name": "mentalhealth-ecs-alb",
            "name_prefix": "",
            "preserve_host_header": false,
            "security_groups": [
              "sg-09f68b122fd87cbd8"
            ],
            "subnet_mapping": [
              {
                "allocation_id": "",
                "ipv6_address": "",
                "outpost_id": "",
                "private_ipv4_address": "",
                "subnet_id": "subnet-03e050907223f1119"
              },
              {
                "allocation_id": "",
                "ipv6_address": "",
                "outpost_id": "",
                "private_ipv4_address": "",
                "subnet_id": "subnet-0772b99ee471d041a"
              }
            ],
            "subnets": [
              "subnet-03e050907223f1119",
              "subnet-0772b99ee471d041a"
            ],
            "tags": {
              "Name": "mentalhealth-ecs-alb"
            },
            "tags_all": {
              "Name": "mentalhealth-ecs-alb"
            },
            "timeouts": null,
            "vpc_id": "vpc-0c31c55dafe48a3b3",
            "xff_header_processing_mode": "append",
            "zone_id": "ZP97RAFLXTNZK"
          },
          "sensitive_attributes": [],
          "identity_schema_version": 0,
          "private": "eyJlMmJmYjczMC1lY2FhLTExZTYtOGY4OC0zNDM2M2JjN2M0YzAiOnsiY3JlYXRlIjo2MDAwMDAwMDAwMDAsImRlbGV0ZSI6NjAwMDAwMDAwMDAwLCJ1cGRhdGUiOjYwMDAwMDAwMDAwMH19",
          "dependencies": [
            "aws_security_group.alb_sg",
            "aws_subnet.public",
            "aws_vpc.this",
            "data.aws_availability_zones.available"
          ]
        }
      ]
    },
    {
      "mode": "managed",
      "type": "aws_lb_listener",
      "name": "http",
      "provider": "provider[\"registry.terraform.io/hashicorp/aws\"]",
      "instances": [
        {
          "schema_version": 0,
          "attributes": {
            "alpn_policy": null,
            "arn": "arn:aws:elasticloadbalancing:ap-south-1:273505519511:listener/app/mentalhealth-ecs-alb/ea81e3c638510493/0d7bf0ff1e7ea352",
            "certificate_arn": null,
            "default_action": [
              {
                "authenticate_cognito": [],
                "authenticate_oidc": [],
                "fixed_response": [],
                "forward": [],
                "order": 1,
                "redirect": [
                  {
                    "host": "#{host}",
                    "path": "/#{path}",
                    "port": "443",
                    "protocol": "HTTPS",
                    "query": "#{query}",
                    "status_code": "HTTP_301"
                  }
                ],
                "target_group_arn": "",
                "type": "redirect"
              }
            ],
            "id": "arn:aws:elasticloadbalancing:ap-south-1:273505519511:listener/app/mentalhealth-ecs-alb/ea81e3c638510493/0d7bf0ff1e7ea352",
            "load_balancer_arn": "arn:aws:elasticloadbalancing:ap-south-1:273505519511:loadbalancer/app/mentalhealth-ecs-alb/ea81e3c638510493",
            "mutual_authentication": [],
            "port": 80,
            "protocol": "HTTP",
            "routing_http_request_x_amzn_mtls_clientcert_header_name": null,
            "routing_http_request_x_amzn_mtls_clientcert_issuer_header_name": null,
            "routing_http_request_x_amzn_mtls_clientcert_leaf_header_name": null,
            "routing_http_request_x_amzn_mtls_clientcert_serial_number_header_name": null,
            "routing_http_request_x_amzn_mtls_clientcert_subject_header_name": null,
            "routing_http_request_x_amzn_mtls_clientcert_validity_header_name": null,
            "routing_http_request_x_amzn_tls_cipher_suite_header_name": null,
            "routing_http_request_x_amzn_tls_version_header_name": null,
            "routing_http_response_access_control_allow_credentials_header_value": "",
            "routing_http_response_access_control_allow_headers_header_value": "",
            "routing_http_response_access_control_allow_methods_header_value": "",
            "routing_http_response_access_control_allow_origin_header_value": "",
            "routing_http_response_access_control_expose_headers_header_value": "",
            "routing_http_response_access_control_max_age_header_value": "",
            "routing_http_response_content_security_policy_header_value": "",
            "routing_http_response_server_enabled": true,
            "routing_http_response_strict_transport_security_header_value": "",
            "routing_http_response_x_content_type_options_header_value": "",
            "routing_http_response_x_frame_options_header_value": "",
            "ssl_policy": "",
            "tags": {},
            "tags_all": {},
            "tcp_idle_timeout_seconds": null,
            "timeouts": null
          },
          "sensitive_attributes": [],
          "identity_schema_version": 0,
          "private": "eyJlMmJmYjczMC1lY2FhLTExZTYtOGY4OC0zNDM2M2JjN2M0YzAiOnsiY3JlYXRlIjozMDAwMDAwMDAwMDAsInVwZGF0ZSI6MzAwMDAwMDAwMDAwfX0=",
          "dependencies": [
            "aws_lb.app",
            "aws_security_group.alb_sg",
            "aws_subnet.public",
            "aws_vpc.this",
            "data.aws_availability_zones.available"
          ]
        }
      ]
    },
    {
      "mode": "managed",
      "type": "aws_lb_listener",
      "name": "https",
      "provider": "provider[\"registry.terraform.io/hashicorp/aws\"]",
      "instances": [
        {
          "schema_version": 0,
          "attributes": {
            "alpn_policy": null,
            "arn": "arn:aws:elasticloadbalancing:ap-south-1:273505519511:listener/app/mentalhealth-ecs-alb/ea81e3c638510493/2be65a03d2963630",
            "certificate_arn": "arn:aws:acm:ap-south-1:273505519511:certificate/cec44828-afc9-413f-8736-d212879caf27",
            "default_action": [
              {
                "authenticate_cognito": [],
                "authenticate_oidc": [],
                "fixed_response": [],
                "forward": [],
                "order": 1,
                "redirect": [],
                "target_group_arn": "arn:aws:elasticloadbalancing:ap-south-1:273505519511:targetgroup/mentalhealth-ecs-frontend-tg/2de54ea0463b8810",
                "type": "forward"
              }
            ],
            "id": "arn:aws:elasticloadbalancing:ap-south-1:273505519511:listener/app/mentalhealth-ecs-alb/ea81e3c638510493/2be65a03d2963630",
            "load_balancer_arn": "arn:aws:elasticloadbalancing:ap-south-1:273505519511:loadbalancer/app/mentalhealth-ecs-alb/ea81e3c638510493",
            "mutual_authentication": [
              {
                "advertise_trust_store_ca_names": "",
                "ignore_client_certificate_expiry": false,
                "mode": "off",
                "trust_store_arn": ""
              }
            ],
            "port": 443,
            "protocol": "HTTPS",
            "routing_http_request_x_amzn_mtls_clientcert_header_name": "",
            "routing_http_request_x_amzn_mtls_clientcert_issuer_header_name": "",
            "routing_http_request_x_amzn_mtls_clientcert_leaf_header_name": "",
            "routing_http_request_x_amzn_mtls_clientcert_serial_number_header_name": "",
            "routing_http_request_x_amzn_mtls_clientcert_subject_header_name": "",
            "routing_http_request_x_amzn_mtls_clientcert_validity_header_name": "",
            "routing_http_request_x_amzn_tls_cipher_suite_header_name": "",
            "routing_http_request_x_amzn_tls_version_header_name": "",
            "routing_http_response_access_control_allow_credentials_header_value": "",
            "routing_http_response_access_control_allow_headers_header_value": "",
            "routing_http_response_access_control_allow_methods_header_value": "",
            "routing_http_response_access_control_allow_origin_header_value": "",
            "routing_http_response_access_control_expose_headers_header_value": "",
            "routing_http_response_access_control_max_age_header_value": "",
            "routing_http_response_content_security_policy_header_value": "",
            "routing_http_response_server_enabled": true,
            "routing_http_response_strict_transport_security_header_value": "",
            "routing_http_response_x_content_type_options_header_value": "",
            "routing_http_response_x_frame_options_header_value": "",
            "ssl_policy": "ELBSecurityPolicy-2016-08",
            "tags": {},
            "tags_all": {},
            "tcp_idle_timeout_seconds": null,
            "timeouts": null
          },
          "sensitive_attributes": [],
          "identity_schema_version": 0,
          "private": "eyJlMmJmYjczMC1lY2FhLTExZTYtOGY4OC0zNDM2M2JjN2M0YzAiOnsiY3JlYXRlIjozMDAwMDAwMDAwMDAsInVwZGF0ZSI6MzAwMDAwMDAwMDAwfX0=",
          "dependencies": [
            "aws_acm_certificate.cert",
            "aws_acm_certificate_validation.cert",
            "aws_lb.app",
            "aws_lb_target_group.frontend",
            "aws_route53_record.cert_validation",
            "aws_security_group.alb_sg",
            "aws_subnet.public",
            "aws_vpc.this",
            "data.aws_availability_zones.available",
            "data.aws_route53_zone.this"
          ]
        }
      ]
    },
    {
      "mode": "managed",
      "type": "aws_lb_listener_rule",
      "name": "api",
      "provider": "provider[\"registry.terraform.io/hashicorp/aws\"]",
      "instances": [
        {
          "schema_version": 0,
          "attributes": {
            "action": [
              {
                "authenticate_cognito": [],
                "authenticate_oidc": [],
                "fixed_response": [],
                "forward": [],
                "order": 1,
                "redirect": [],
                "target_group_arn": "arn:aws:elasticloadbalancing:ap-south-1:273505519511:targetgroup/mentalhealth-ecs-tg/53f0e87768f64f35",
                "type": "forward"
              }
            ],
            "arn": "arn:aws:elasticloadbalancing:ap-south-1:273505519511:listener-rule/app/mentalhealth-ecs-alb/ea81e3c638510493/2be65a03d2963630/f51d13a39758e2f8",
            "condition": [
              {
                "host_header": [],
                "http_header": [],
                "http_request_method": [],
                "path_pattern": [
                  {
                    "values": [
                      "/api/*"
                    ]
                  }
                ],
                "query_string": [],
                "source_ip": []
              }
            ],
            "id": "arn:aws:elasticloadbalancing:ap-south-1:273505519511:listener-rule/app/mentalhealth-ecs-alb/ea81e3c638510493/2be65a03d2963630/f51d13a39758e2f8",
            "listener_arn": "arn:aws:elasticloadbalancing:ap-south-1:273505519511:listener/app/mentalhealth-ecs-alb/ea81e3c638510493/2be65a03d2963630",
            "priority": 100,
            "tags": {},
            "tags_all": {}
          },
          "sensitive_attributes": [],
          "identity_schema_version": 0,
          "private": "bnVsbA==",
          "dependencies": [
            "aws_acm_certificate.cert",
            "aws_acm_certificate_validation.cert",
            "aws_lb.app",
            "aws_lb_listener.https",
            "aws_lb_target_group.app",
            "aws_lb_target_group.frontend",
            "aws_route53_record.cert_validation",
            "aws_security_group.alb_sg",
            "aws_subnet.public",
            "aws_vpc.this",
            "data.aws_availability_zones.available",
            "data.aws_route53_zone.this"
          ]
        }
      ]
    },
    {
      "mode": "managed",
      "type": "aws_lb_listener_rule",
      "name": "redirect_root_to_www_https",
      "provider": "provider[\"registry.terraform.io/hashicorp/aws\"]",
      "instances": [
        {
          "schema_version": 0,
          "attributes": {
            "action": [
              {
                "authenticate_cognito": [],
                "authenticate_oidc": [],
                "fixed_response": [],
                "forward": [],
                "order": 1,
                "redirect": [
                  {
                    "host": "www.anxietyaicure.com",
                    "path": "/#{path}",
                    "port": "443",
                    "protocol": "HTTPS",
                    "query": "#{query}",
                    "status_code": "HTTP_301"
                  }
                ],
                "target_group_arn": "",
                "type": "redirect"
              }
            ],
            "arn": "arn:aws:elasticloadbalancing:ap-south-1:273505519511:listener-rule/app/mentalhealth-ecs-alb/ea81e3c638510493/2be65a03d2963630/c3a6791800950334",
            "condition": [
              {
                "host_header": [
                  {
                    "values": [
                      "anxietyaicure.com"
                    ]
                  }
                ],
                "http_header": [],
                "http_request_method": [],
                "path_pattern": [],
                "query_string": [],
                "source_ip": []
              }
            ],
            "id": "arn:aws:elasticloadbalancing:ap-south-1:273505519511:listener-rule/app/mentalhealth-ecs-alb/ea81e3c638510493/2be65a03d2963630/c3a6791800950334",
            "listener_arn": "arn:aws:elasticloadbalancing:ap-south-1:273505519511:listener/app/mentalhealth-ecs-alb/ea81e3c638510493/2be65a03d2963630",
            "priority": 50,
            "tags": {},
            "tags_all": {}
          },
          "sensitive_attributes": [],
          "identity_schema_version": 0,
          "private": "bnVsbA==",
          "dependencies": [
            "aws_acm_certificate.cert",
            "aws_acm_certificate_validation.cert",
            "aws_lb.app",
            "aws_lb_listener.https",
            "aws_lb_target_group.frontend",
            "aws_route53_record.cert_validation",
            "aws_security_group.alb_sg",
            "aws_subnet.public",
            "aws_vpc.this",
            "data.aws_availability_zones.available",
            "data.aws_route53_zone.this"
          ]
        }
      ]
    },
    {
      "mode": "managed",
      "type": "aws_lb_target_group",
      "name": "app",
      "provider": "provider[\"registry.terraform.io/hashicorp/aws\"]",
      "instances": [
        {
          "schema_version": 0,
          "attributes": {
            "arn": "arn:aws:elasticloadbalancing:ap-south-1:273505519511:targetgroup/mentalhealth-ecs-tg/53f0e87768f64f35",
            "arn_suffix": "targetgroup/mentalhealth-ecs-tg/53f0e87768f64f35",
            "connection_termination": null,
            "deregistration_delay": "300",
            "health_check": [
              {
                "enabled": true,
                "healthy_threshold": 2,
                "interval": 30,
                "matcher": "200-499",
                "path": "/api/actuator/health",
                "port": "traffic-port",
                "protocol": "HTTP",
                "timeout": 5,
                "unhealthy_threshold": 2
              }
            ],
            "id": "arn:aws:elasticloadbalancing:ap-south-1:273505519511:targetgroup/mentalhealth-ecs-tg/53f0e87768f64f35",
            "ip_address_type": "ipv4",
            "lambda_multi_value_headers_enabled": false,
            "load_balancer_arns": [
              "arn:aws:elasticloadbalancing:ap-south-1:273505519511:loadbalancer/app/mentalhealth-ecs-alb/ea81e3c638510493"
            ],
            "load_balancing_algorithm_type": "round_robin",
            "load_balancing_anomaly_mitigation": "off",
            "load_balancing_cross_zone_enabled": "use_load_balancer_configuration",
            "name": "mentalhealth-ecs-tg",
            "name_prefix": "",
            "port": 8080,
            "preserve_client_ip": null,
            "protocol": "HTTP",
            "protocol_version": "HTTP1",
            "proxy_protocol_v2": false,
            "slow_start": 0,
            "stickiness": [
              {
                "cookie_duration": 86400,
                "cookie_name": "",
                "enabled": false,
                "type": "lb_cookie"
              }
            ],
            "tags": {
              "Name": "mentalhealth-ecs-tg"
            },
            "tags_all": {
              "Name": "mentalhealth-ecs-tg"
            },
            "target_failover": [
              {
                "on_deregistration": null,
                "on_unhealthy": null
              }
            ],
            "target_group_health": [
              {
                "dns_failover": [
                  {
                    "minimum_healthy_targets_count": "1",
                    "minimum_healthy_targets_percentage": "off"
                  }
                ],
                "unhealthy_state_routing": [
                  {
                    "minimum_healthy_targets_count": 1,
                    "minimum_healthy_targets_percentage": "off"
                  }
                ]
              }
            ],
            "target_health_state": [
              {
                "enable_unhealthy_connection_termination": null,
                "unhealthy_draining_interval": null
              }
            ],
            "target_type": "ip",
            "vpc_id": "vpc-0c31c55dafe48a3b3"
          },
          "sensitive_attributes": [],
          "identity_schema_version": 0,
          "private": "bnVsbA==",
          "dependencies": [
            "aws_vpc.this"
          ]
        }
      ]
    },
    {
      "mode": "managed",
      "type": "aws_lb_target_group",
      "name": "frontend",
      "provider": "provider[\"registry.terraform.io/hashicorp/aws\"]",
      "instances": [
        {
          "schema_version": 0,
          "attributes": {
            "arn": "arn:aws:elasticloadbalancing:ap-south-1:273505519511:targetgroup/mentalhealth-ecs-frontend-tg/2de54ea0463b8810",
            "arn_suffix": "targetgroup/mentalhealth-ecs-frontend-tg/2de54ea0463b8810",
            "connection_termination": null,
            "deregistration_delay": "300",
            "health_check": [
              {
                "enabled": true,
                "healthy_threshold": 2,
                "interval": 30,
                "matcher": "200",
                "path": "/",
                "port": "traffic-port",
                "protocol": "HTTP",
                "timeout": 5,
                "unhealthy_threshold": 2
              }
            ],
            "id": "arn:aws:elasticloadbalancing:ap-south-1:273505519511:targetgroup/mentalhealth-ecs-frontend-tg/2de54ea0463b8810",
            "ip_address_type": "ipv4",
            "lambda_multi_value_headers_enabled": false,
            "load_balancer_arns": [
              "arn:aws:elasticloadbalancing:ap-south-1:273505519511:loadbalancer/app/mentalhealth-ecs-alb/ea81e3c638510493"
            ],
            "load_balancing_algorithm_type": "round_robin",
            "load_balancing_anomaly_mitigation": "off",
            "load_balancing_cross_zone_enabled": "use_load_balancer_configuration",
            "name": "mentalhealth-ecs-frontend-tg",
            "name_prefix": "",
            "port": 80,
            "preserve_client_ip": null,
            "protocol": "HTTP",
            "protocol_version": "HTTP1",
            "proxy_protocol_v2": false,
            "slow_start": 0,
            "stickiness": [
              {
                "cookie_duration": 86400,
                "cookie_name": "",
                "enabled": false,
                "type": "lb_cookie"
              }
            ],
            "tags": {
              "Name": "mentalhealth-ecs-frontend-tg"
            },
            "tags_all": {
              "Name": "mentalhealth-ecs-frontend-tg"
            },
            "target_failover": [
              {
                "on_deregistration": null,
                "on_unhealthy": null
              }
            ],
            "target_group_health": [
              {
                "dns_failover": [
                  {
                    "minimum_healthy_targets_count": "1",
                    "minimum_healthy_targets_percentage": "off"
                  }
                ],
                "unhealthy_state_routing": [
                  {
                    "minimum_healthy_targets_count": 1,
                    "minimum_healthy_targets_percentage": "off"
                  }
                ]
              }
            ],
            "target_health_state": [
              {
                "enable_unhealthy_connection_termination": null,
                "unhealthy_draining_interval": null
              }
            ],
            "target_type": "ip",
            "vpc_id": "vpc-0c31c55dafe48a3b3"
          },
          "sensitive_attributes": [],
          "identity_schema_version": 0,
          "private": "bnVsbA==",
          "dependencies": [
            "aws_vpc.this"
          ]
        }
      ]
    },
    {
      "mode": "managed",
      "type": "aws_route53_record",
      "name": "cert_validation",
      "provider": "provider[\"registry.terraform.io/hashicorp/aws\"]",
      "instances": [
        {
          "index_key": "*.anxietyaicure.com",
          "schema_version": 2,
          "attributes": {
            "alias": [],
            "allow_overwrite": true,
            "cidr_routing_policy": [],
            "failover_routing_policy": [],
            "fqdn": "_6b914419a7b54d6a9a339a8fdaaf5262.anxietyaicure.com",
            "geolocation_routing_policy": [],
            "geoproximity_routing_policy": [],
            "health_check_id": "",
            "id": "Z07738871MBAOKADK50W8__6b914419a7b54d6a9a339a8fdaaf5262.anxietyaicure.com._CNAME",
            "latency_routing_policy": [],
            "multivalue_answer_routing_policy": false,
            "name": "_6b914419a7b54d6a9a339a8fdaaf5262.anxietyaicure.com",
            "records": [
              "_e008cc1dd2a763b6935755aee2eb1c57.jkddzztszm.acm-validations.aws."
            ],
            "set_identifier": "",
            "timeouts": null,
            "ttl": 60,
            "type": "CNAME",
            "weighted_routing_policy": [],
            "zone_id": "Z07738871MBAOKADK50W8"
          },
          "sensitive_attributes": [],
          "identity_schema_version": 0,
          "private": "eyJlMmJmYjczMC1lY2FhLTExZTYtOGY4OC0zNDM2M2JjN2M0YzAiOnsiY3JlYXRlIjoxODAwMDAwMDAwMDAwLCJkZWxldGUiOjE4MDAwMDAwMDAwMDAsInVwZGF0ZSI6MTgwMDAwMDAwMDAwMH0sInNjaGVtYV92ZXJzaW9uIjoiMiJ9",
          "dependencies": [
            "aws_acm_certificate.cert",
            "data.aws_route53_zone.this"
          ]
        },
        {
          "index_key": "anxietyaicure.com",
          "schema_version": 2,
          "attributes": {
            "alias": [],
            "allow_overwrite": true,
            "cidr_routing_policy": [],
            "failover_routing_policy": [],
            "fqdn": "_6b914419a7b54d6a9a339a8fdaaf5262.anxietyaicure.com",
            "geolocation_routing_policy": [],
            "geoproximity_routing_policy": [],
            "health_check_id": "",
            "id": "Z07738871MBAOKADK50W8__6b914419a7b54d6a9a339a8fdaaf5262.anxietyaicure.com._CNAME",
            "latency_routing_policy": [],
            "multivalue_answer_routing_policy": false,
            "name": "_6b914419a7b54d6a9a339a8fdaaf5262.anxietyaicure.com",
            "records": [
              "_e008cc1dd2a763b6935755aee2eb1c57.jkddzztszm.acm-validations.aws."
            ],
            "set_identifier": "",
            "timeouts": null,
            "ttl": 60,
            "type": "CNAME",
            "weighted_routing_policy": [],
            "zone_id": "Z07738871MBAOKADK50W8"
          },
          "sensitive_attributes": [],
          "identity_schema_version": 0,
          "private": "eyJlMmJmYjczMC1lY2FhLTExZTYtOGY4OC0zNDM2M2JjN2M0YzAiOnsiY3JlYXRlIjoxODAwMDAwMDAwMDAwLCJkZWxldGUiOjE4MDAwMDAwMDAwMDAsInVwZGF0ZSI6MTgwMDAwMDAwMDAwMH0sInNjaGVtYV92ZXJzaW9uIjoiMiJ9",
          "dependencies": [
            "aws_acm_certificate.cert",
            "data.aws_route53_zone.this"
          ]
        },
        {
          "index_key": "www.anxietyaicure.com",
          "schema_version": 2,
          "attributes": {
            "alias": [],
            "allow_overwrite": true,
            "cidr_routing_policy": [],
            "failover_routing_policy": [],
            "fqdn": "_b8072b12f152187f054ddcaa7dfc0e5a.www.anxietyaicure.com",
            "geolocation_routing_policy": [],
            "geoproximity_routing_policy": [],
            "health_check_id": "",
            "id": "Z07738871MBAOKADK50W8__b8072b12f152187f054ddcaa7dfc0e5a.www.anxietyaicure.com._CNAME",
            "latency_routing_policy": [],
            "multivalue_answer_routing_policy": false,
            "name": "_b8072b12f152187f054ddcaa7dfc0e5a.www.anxietyaicure.com",
            "records": [
              "_6bf2af9e0d41824c1c86f9f15078cf99.jkddzztszm.acm-validations.aws."
            ],
            "set_identifier": "",
            "timeouts": null,
            "ttl": 60,
            "type": "CNAME",
            "weighted_routing_policy": [],
            "zone_id": "Z07738871MBAOKADK50W8"
          },
          "sensitive_attributes": [],
          "identity_schema_version": 0,
          "private": "eyJlMmJmYjczMC1lY2FhLTExZTYtOGY4OC0zNDM2M2JjN2M0YzAiOnsiY3JlYXRlIjoxODAwMDAwMDAwMDAwLCJkZWxldGUiOjE4MDAwMDAwMDAwMDAsInVwZGF0ZSI6MTgwMDAwMDAwMDAwMH0sInNjaGVtYV92ZXJzaW9uIjoiMiJ9",
          "dependencies": [
            "aws_acm_certificate.cert",
            "data.aws_route53_zone.this"
          ]
        }
      ]
    },
    {
      "mode": "managed",
      "type": "aws_route_table",
      "name": "private",
      "provider": "provider[\"registry.terraform.io/hashicorp/aws\"]",
      "instances": [
        {
          "schema_version": 0,
          "attributes": {
            "arn": "arn:aws:ec2:ap-south-1:273505519511:route-table/rtb-031b22a57da95fe3f",
            "id": "rtb-031b22a57da95fe3f",
            "owner_id": "273505519511",
            "propagating_vgws": [],
            "route": [],
            "tags": {
              "Name": "mentalhealth-ecs-private-rt"
            },
            "tags_all": {
              "Name": "mentalhealth-ecs-private-rt"
            },
            "timeouts": null,
            "vpc_id": "vpc-0c31c55dafe48a3b3"
          },
          "sensitive_attributes": [],
          "identity_schema_version": 0,
          "private": "eyJlMmJmYjczMC1lY2FhLTExZTYtOGY4OC0zNDM2M2JjN2M0YzAiOnsiY3JlYXRlIjozMDAwMDAwMDAwMDAsImRlbGV0ZSI6MzAwMDAwMDAwMDAwLCJ1cGRhdGUiOjEyMDAwMDAwMDAwMH19",
          "dependencies": [
            "aws_vpc.this"
          ]
        }
      ]
    },
    {
      "mode": "managed",
      "type": "aws_route_table",
      "name": "public",
      "provider": "provider[\"registry.terraform.io/hashicorp/aws\"]",
      "instances": [
        {
          "schema_version": 0,
          "attributes": {
            "arn": "arn:aws:ec2:ap-south-1:273505519511:route-table/rtb-074083426e3c54f67",
            "id": "rtb-074083426e3c54f67",
            "owner_id": "273505519511",
            "propagating_vgws": [],
            "route": [
              {
                "carrier_gateway_id": "",
                "cidr_block": "0.0.0.0/0",
                "core_network_arn": "",
                "destination_prefix_list_id": "",
                "egress_only_gateway_id": "",
                "gateway_id": "igw-070a4ab39e676649e",
                "ipv6_cidr_block": "",
                "local_gateway_id": "",
                "nat_gateway_id": "",
                "network_interface_id": "",
                "transit_gateway_id": "",
                "vpc_endpoint_id": "",
                "vpc_peering_connection_id": ""
              }
            ],
            "tags": {
              "Name": "mentalhealth-ecs-public-rt"
            },
            "tags_all": {
              "Name": "mentalhealth-ecs-public-rt"
            },
            "timeouts": null,
            "vpc_id": "vpc-0c31c55dafe48a3b3"
          },
          "sensitive_attributes": [],
          "identity_schema_version": 0,
          "private": "eyJlMmJmYjczMC1lY2FhLTExZTYtOGY4OC0zNDM2M2JjN2M0YzAiOnsiY3JlYXRlIjozMDAwMDAwMDAwMDAsImRlbGV0ZSI6MzAwMDAwMDAwMDAwLCJ1cGRhdGUiOjEyMDAwMDAwMDAwMH19",
          "dependencies": [
            "aws_internet_gateway.igw",
            "aws_vpc.this"
          ]
        }
      ]
    },
    {
      "mode": "managed",
      "type": "aws_route_table_association",
      "name": "private_assoc",
      "provider": "provider[\"registry.terraform.io/hashicorp/aws\"]",
      "instances": [
        {
          "index_key": "az1",
          "schema_version": 0,
          "attributes": {
            "gateway_id": "",
            "id": "rtbassoc-0a6cf74bb8b946bc8",
            "route_table_id": "rtb-031b22a57da95fe3f",
            "subnet_id": "subnet-0ce6a0384a3b0d39b",
            "timeouts": null
          },
          "sensitive_attributes": [],
          "identity_schema_version": 0,
          "private": "eyJlMmJmYjczMC1lY2FhLTExZTYtOGY4OC0zNDM2M2JjN2M0YzAiOnsiY3JlYXRlIjozMDAwMDAwMDAwMDAsImRlbGV0ZSI6MzAwMDAwMDAwMDAwLCJ1cGRhdGUiOjEyMDAwMDAwMDAwMH19",
          "dependencies": [
            "aws_route_table.private",
            "aws_subnet.private",
            "aws_vpc.this",
            "data.aws_availability_zones.available"
          ]
        },
        {
          "index_key": "az2",
          "schema_version": 0,
          "attributes": {
            "gateway_id": "",
            "id": "rtbassoc-04e434e1e8c0dd8d8",
            "route_table_id": "rtb-031b22a57da95fe3f",
            "subnet_id": "subnet-0d1e485205d621922",
            "timeouts": null
          },
          "sensitive_attributes": [],
          "identity_schema_version": 0,
          "private": "eyJlMmJmYjczMC1lY2FhLTExZTYtOGY4OC0zNDM2M2JjN2M0YzAiOnsiY3JlYXRlIjozMDAwMDAwMDAwMDAsImRlbGV0ZSI6MzAwMDAwMDAwMDAwLCJ1cGRhdGUiOjEyMDAwMDAwMDAwMH19",
          "dependencies": [
            "aws_route_table.private",
            "aws_subnet.private",
            "aws_vpc.this",
            "data.aws_availability_zones.available"
          ]
        }
      ]
    },
    {
      "mode": "managed",
      "type": "aws_route_table_association",
      "name": "public_assoc",
      "provider": "provider[\"registry.terraform.io/hashicorp/aws\"]",
      "instances": [
        {
          "index_key": "az1",
          "schema_version": 0,
          "attributes": {
            "gateway_id": "",
            "id": "rtbassoc-0c7e0902759ab365f",
            "route_table_id": "rtb-074083426e3c54f67",
            "subnet_id": "subnet-0772b99ee471d041a",
            "timeouts": null
          },
          "sensitive_attributes": [],
          "identity_schema_version": 0,
          "private": "eyJlMmJmYjczMC1lY2FhLTExZTYtOGY4OC0zNDM2M2JjN2M0YzAiOnsiY3JlYXRlIjozMDAwMDAwMDAwMDAsImRlbGV0ZSI6MzAwMDAwMDAwMDAwLCJ1cGRhdGUiOjEyMDAwMDAwMDAwMH19",
          "dependencies": [
            "aws_internet_gateway.igw",
            "aws_route_table.public",
            "aws_subnet.public",
            "aws_vpc.this",
            "data.aws_availability_zones.available"
          ]
        },
        {
          "index_key": "az2",
          "schema_version": 0,
          "attributes": {
            "gateway_id": "",
            "id": "rtbassoc-0f54b582457cde6e8",
            "route_table_id": "rtb-074083426e3c54f67",
            "subnet_id": "subnet-03e050907223f1119",
            "timeouts": null
          },
          "sensitive_attributes": [],
          "identity_schema_version": 0,
          "private": "eyJlMmJmYjczMC1lY2FhLTExZTYtOGY4OC0zNDM2M2JjN2M0YzAiOnsiY3JlYXRlIjozMDAwMDAwMDAwMDAsImRlbGV0ZSI6MzAwMDAwMDAwMDAwLCJ1cGRhdGUiOjEyMDAwMDAwMDAwMH19",
          "dependencies": [
            "aws_internet_gateway.igw",
            "aws_route_table.public",
            "aws_subnet.public",
            "aws_vpc.this",
            "data.aws_availability_zones.available"
          ]
        }
      ]
    },
    {
      "mode": "managed",
      "type": "aws_security_group",
      "name": "alb_sg",
      "provider": "provider[\"registry.terraform.io/hashicorp/aws\"]",
      "instances": [
        {
          "schema_version": 1,
          "attributes": {
            "arn": "arn:aws:ec2:ap-south-1:273505519511:security-group/sg-09f68b122fd87cbd8",
            "description": "ALB SG",
            "egress": [
              {
                "cidr_blocks": [
                  "0.0.0.0/0"
                ],
                "description": "",
                "from_port": 0,
                "ipv6_cidr_blocks": [
                  "::/0"
                ],
                "prefix_list_ids": [],
                "protocol": "-1",
                "security_groups": [],
                "self": false,
                "to_port": 0
              }
            ],
            "id": "sg-09f68b122fd87cbd8",
            "ingress": [
              {
                "cidr_blocks": [
                  "0.0.0.0/0"
                ],
                "description": "HTTP from anywhere",
                "from_port": 80,
                "ipv6_cidr_blocks": [
                  "::/0"
                ],
                "prefix_list_ids": [],
                "protocol": "tcp",
                "security_groups": [],
                "self": false,
                "to_port": 80
              },
              {
                "cidr_blocks": [
                  "0.0.0.0/0"
                ],
                "description": "HTTPS from anywhere",
                "from_port": 443,
                "ipv6_cidr_blocks": [
                  "::/0"
                ],
                "prefix_list_ids": [],
                "protocol": "tcp",
                "security_groups": [],
                "self": false,
                "to_port": 443
              }
            ],
            "name": "mentalhealth-ecs-alb-sg",
            "name_prefix": "",
            "owner_id": "273505519511",
            "revoke_rules_on_delete": false,
            "tags": {
              "Name": "mentalhealth-ecs-alb-sg"
            },
            "tags_all": {
              "Name": "mentalhealth-ecs-alb-sg"
            },
            "timeouts": null,
            "vpc_id": "vpc-0c31c55dafe48a3b3"
          },
          "sensitive_attributes": [],
          "identity_schema_version": 0,
          "private": "eyJlMmJmYjczMC1lY2FhLTExZTYtOGY4OC0zNDM2M2JjN2M0YzAiOnsiY3JlYXRlIjo2MDAwMDAwMDAwMDAsImRlbGV0ZSI6OTAwMDAwMDAwMDAwfSwic2NoZW1hX3ZlcnNpb24iOiIxIn0=",
          "dependencies": [
            "aws_vpc.this"
          ]
        }
      ]
    },
    {
      "mode": "managed",
      "type": "aws_security_group",
      "name": "bastion_sg",
      "provider": "provider[\"registry.terraform.io/hashicorp/aws\"]",
      "instances": [
        {
          "schema_version": 1,
          "attributes": {
            "arn": "arn:aws:ec2:ap-south-1:273505519511:security-group/sg-0557b896bedc1c18f",
            "description": "Allow SSH access to Bastion Host",
            "egress": [
              {
                "cidr_blocks": [
                  "0.0.0.0/0"
                ],
                "description": "",
                "from_port": 0,
                "ipv6_cidr_blocks": [],
                "prefix_list_ids": [],
                "protocol": "-1",
                "security_groups": [],
                "self": false,
                "to_port": 0
              }
            ],
            "id": "sg-0557b896bedc1c18f",
            "ingress": [
              {
                "cidr_blocks": [
                  "0.0.0.0/0"
                ],
                "description": "",
                "from_port": 22,
                "ipv6_cidr_blocks": [],
                "prefix_list_ids": [],
                "protocol": "tcp",
                "security_groups": [],
                "self": false,
                "to_port": 22
              }
            ],
            "name": "mentalhealth-ecs-bastion-sg",
            "name_prefix": "",
            "owner_id": "273505519511",
            "revoke_rules_on_delete": false,
            "tags": {
              "Name": "mentalhealth-ecs-bastion-sg"
            },
            "tags_all": {
              "Name": "mentalhealth-ecs-bastion-sg"
            },
            "timeouts": null,
            "vpc_id": "vpc-0c31c55dafe48a3b3"
          },
          "sensitive_attributes": [],
          "identity_schema_version": 0,
          "private": "eyJlMmJmYjczMC1lY2FhLTExZTYtOGY4OC0zNDM2M2JjN2M0YzAiOnsiY3JlYXRlIjo2MDAwMDAwMDAwMDAsImRlbGV0ZSI6OTAwMDAwMDAwMDAwfSwic2NoZW1hX3ZlcnNpb24iOiIxIn0=",
          "dependencies": [
            "aws_vpc.this"
          ]
        }
      ]
    },
    {
      "mode": "managed",
      "type": "aws_security_group",
      "name": "rds_sg",
      "provider": "provider[\"registry.terraform.io/hashicorp/aws\"]",
      "instances": [
        {
          "schema_version": 1,
          "attributes": {
            "arn": "arn:aws:ec2:ap-south-1:273505519511:security-group/sg-08d7ddaaccb0148e0",
            "description": "Allow access to RDS from ECS",
            "egress": [
              {
                "cidr_blocks": [
                  "0.0.0.0/0"
                ],
                "description": "",
                "from_port": 0,
                "ipv6_cidr_blocks": [],
                "prefix_list_ids": [],
                "protocol": "-1",
                "security_groups": [],
                "self": false,
                "to_port": 0
              }
            ],
            "id": "sg-08d7ddaaccb0148e0",
            "ingress": [
              {
                "cidr_blocks": [],
                "description": "",
                "from_port": 5432,
                "ipv6_cidr_blocks": [],
                "prefix_list_ids": [],
                "protocol": "tcp",
                "security_groups": [
                  "sg-0557b896bedc1c18f",
                  "sg-06715553f16582231"
                ],
                "self": false,
                "to_port": 5432
              }
            ],
            "name": "mentalhealth-ecs-rds-sg",
            "name_prefix": "",
            "owner_id": "273505519511",
            "revoke_rules_on_delete": false,
            "tags": {
              "Name": "mentalhealth-ecs-rds-sg"
            },
            "tags_all": {
              "Name": "mentalhealth-ecs-rds-sg"
            },
            "timeouts": null,
            "vpc_id": "vpc-0c31c55dafe48a3b3"
          },
          "sensitive_attributes": [],
          "identity_schema_version": 0,
          "private": "eyJlMmJmYjczMC1lY2FhLTExZTYtOGY4OC0zNDM2M2JjN2M0YzAiOnsiY3JlYXRlIjo2MDAwMDAwMDAwMDAsImRlbGV0ZSI6OTAwMDAwMDAwMDAwfSwic2NoZW1hX3ZlcnNpb24iOiIxIn0=",
          "dependencies": [
            "aws_security_group.alb_sg",
            "aws_security_group.bastion_sg",
            "aws_security_group.service_sg",
            "aws_vpc.this"
          ]
        }
      ]
    },
    {
      "mode": "managed",
      "type": "aws_security_group",
      "name": "service_sg",
      "provider": "provider[\"registry.terraform.io/hashicorp/aws\"]",
      "instances": [
        {
          "schema_version": 1,
          "attributes": {
            "arn": "arn:aws:ec2:ap-south-1:273505519511:security-group/sg-06715553f16582231",
            "description": "ECS service SG",
            "egress": [
              {
                "cidr_blocks": [
                  "0.0.0.0/0"
                ],
                "description": "",
                "from_port": 0,
                "ipv6_cidr_blocks": [
                  "::/0"
                ],
                "prefix_list_ids": [],
                "protocol": "-1",
                "security_groups": [],
                "self": false,
                "to_port": 0
              }
            ],
            "id": "sg-06715553f16582231",
            "ingress": [
              {
                "cidr_blocks": [],
                "description": "From ALB to Frontend",
                "from_port": 80,
                "ipv6_cidr_blocks": [],
                "prefix_list_ids": [],
                "protocol": "tcp",
                "security_groups": [
                  "sg-09f68b122fd87cbd8"
                ],
                "self": false,
                "to_port": 80
              },
              {
                "cidr_blocks": [],
                "description": "From ALB",
                "from_port": 8080,
                "ipv6_cidr_blocks": [],
                "prefix_list_ids": [],
                "protocol": "tcp",
                "security_groups": [
                  "sg-09f68b122fd87cbd8"
                ],
                "self": false,
                "to_port": 8080
              }
            ],
            "name": "mentalhealth-ecs-svc-sg",
            "name_prefix": "",
            "owner_id": "273505519511",
            "revoke_rules_on_delete": false,
            "tags": {
              "Name": "mentalhealth-ecs-svc-sg"
            },
            "tags_all": {
              "Name": "mentalhealth-ecs-svc-sg"
            },
            "timeouts": null,
            "vpc_id": "vpc-0c31c55dafe48a3b3"
          },
          "sensitive_attributes": [],
          "identity_schema_version": 0,
          "private": "eyJlMmJmYjczMC1lY2FhLTExZTYtOGY4OC0zNDM2M2JjN2M0YzAiOnsiY3JlYXRlIjo2MDAwMDAwMDAwMDAsImRlbGV0ZSI6OTAwMDAwMDAwMDAwfSwic2NoZW1hX3ZlcnNpb24iOiIxIn0=",
          "dependencies": [
            "aws_security_group.alb_sg",
            "aws_vpc.this"
          ]
        }
      ]
    },
    {
      "mode": "managed",
      "type": "aws_subnet",
      "name": "private",
      "provider": "provider[\"registry.terraform.io/hashicorp/aws\"]",
      "instances": [
        {
          "index_key": "az1",
          "schema_version": 1,
          "attributes": {
            "arn": "arn:aws:ec2:ap-south-1:273505519511:subnet/subnet-0ce6a0384a3b0d39b",
            "assign_ipv6_address_on_creation": false,
            "availability_zone": "ap-south-1a",
            "availability_zone_id": "aps1-az1",
            "cidr_block": "10.0.3.0/24",
            "customer_owned_ipv4_pool": "",
            "enable_dns64": false,
            "enable_lni_at_device_index": 0,
            "enable_resource_name_dns_a_record_on_launch": false,
            "enable_resource_name_dns_aaaa_record_on_launch": false,
            "id": "subnet-0ce6a0384a3b0d39b",
            "ipv6_cidr_block": "",
            "ipv6_cidr_block_association_id": "",
            "ipv6_native": false,
            "map_customer_owned_ip_on_launch": false,
            "map_public_ip_on_launch": false,
            "outpost_arn": "",
            "owner_id": "273505519511",
            "private_dns_hostname_type_on_launch": "ip-name",
            "tags": {
              "Name": "mentalhealth-ecs-private-az1"
            },
            "tags_all": {
              "Name": "mentalhealth-ecs-private-az1"
            },
            "timeouts": null,
            "vpc_id": "vpc-0c31c55dafe48a3b3"
          },
          "sensitive_attributes": [],
          "identity_schema_version": 0,
          "private": "eyJlMmJmYjczMC1lY2FhLTExZTYtOGY4OC0zNDM2M2JjN2M0YzAiOnsiY3JlYXRlIjo2MDAwMDAwMDAwMDAsImRlbGV0ZSI6MTIwMDAwMDAwMDAwMH0sInNjaGVtYV92ZXJzaW9uIjoiMSJ9",
          "dependencies": [
            "aws_vpc.this",
            "data.aws_availability_zones.available"
          ]
        },
        {
          "index_key": "az2",
          "schema_version": 1,
          "attributes": {
            "arn": "arn:aws:ec2:ap-south-1:273505519511:subnet/subnet-0d1e485205d621922",
            "assign_ipv6_address_on_creation": false,
            "availability_zone": "ap-south-1b",
            "availability_zone_id": "aps1-az3",
            "cidr_block": "10.0.4.0/24",
            "customer_owned_ipv4_pool": "",
            "enable_dns64": false,
            "enable_lni_at_device_index": 0,
            "enable_resource_name_dns_a_record_on_launch": false,
            "enable_resource_name_dns_aaaa_record_on_launch": false,
            "id": "subnet-0d1e485205d621922",
            "ipv6_cidr_block": "",
            "ipv6_cidr_block_association_id": "",
            "ipv6_native": false,
            "map_customer_owned_ip_on_launch": false,
            "map_public_ip_on_launch": false,
            "outpost_arn": "",
            "owner_id": "273505519511",
            "private_dns_hostname_type_on_launch": "ip-name",
            "tags": {
              "Name": "mentalhealth-ecs-private-az2"
            },
            "tags_all": {
              "Name": "mentalhealth-ecs-private-az2"
            },
            "timeouts": null,
            "vpc_id": "vpc-0c31c55dafe48a3b3"
          },
          "sensitive_attributes": [],
          "identity_schema_version": 0,
          "private": "eyJlMmJmYjczMC1lY2FhLTExZTYtOGY4OC0zNDM2M2JjN2M0YzAiOnsiY3JlYXRlIjo2MDAwMDAwMDAwMDAsImRlbGV0ZSI6MTIwMDAwMDAwMDAwMH0sInNjaGVtYV92ZXJzaW9uIjoiMSJ9",
          "dependencies": [
            "aws_vpc.this",
            "data.aws_availability_zones.available"
          ]
        }
      ]
    },
    {
      "mode": "managed",
      "type": "aws_subnet",
      "name": "public",
      "provider": "provider[\"registry.terraform.io/hashicorp/aws\"]",
      "instances": [
        {
          "index_key": "az1",
          "schema_version": 1,
          "attributes": {
            "arn": "arn:aws:ec2:ap-south-1:273505519511:subnet/subnet-0772b99ee471d041a",
            "assign_ipv6_address_on_creation": false,
            "availability_zone": "ap-south-1a",
            "availability_zone_id": "aps1-az1",
            "cidr_block": "10.0.1.0/24",
            "customer_owned_ipv4_pool": "",
            "enable_dns64": false,
            "enable_lni_at_device_index": 0,
            "enable_resource_name_dns_a_record_on_launch": false,
            "enable_resource_name_dns_aaaa_record_on_launch": false,
            "id": "subnet-0772b99ee471d041a",
            "ipv6_cidr_block": "",
            "ipv6_cidr_block_association_id": "",
            "ipv6_native": false,
            "map_customer_owned_ip_on_launch": false,
            "map_public_ip_on_launch": true,
            "outpost_arn": "",
            "owner_id": "273505519511",
            "private_dns_hostname_type_on_launch": "ip-name",
            "tags": {
              "Name": "mentalhealth-ecs-public-az1"
            },
            "tags_all": {
              "Name": "mentalhealth-ecs-public-az1"
            },
            "timeouts": null,
            "vpc_id": "vpc-0c31c55dafe48a3b3"
          },
          "sensitive_attributes": [],
          "identity_schema_version": 0,
          "private": "eyJlMmJmYjczMC1lY2FhLTExZTYtOGY4OC0zNDM2M2JjN2M0YzAiOnsiY3JlYXRlIjo2MDAwMDAwMDAwMDAsImRlbGV0ZSI6MTIwMDAwMDAwMDAwMH0sInNjaGVtYV92ZXJzaW9uIjoiMSJ9",
          "dependencies": [
            "aws_vpc.this",
            "data.aws_availability_zones.available"
          ]
        },
        {
          "index_key": "az2",
          "schema_version": 1,
          "attributes": {
            "arn": "arn:aws:ec2:ap-south-1:273505519511:subnet/subnet-03e050907223f1119",
            "assign_ipv6_address_on_creation": false,
            "availability_zone": "ap-south-1b",
            "availability_zone_id": "aps1-az3",
            "cidr_block": "10.0.2.0/24",
            "customer_owned_ipv4_pool": "",
            "enable_dns64": false,
            "enable_lni_at_device_index": 0,
            "enable_resource_name_dns_a_record_on_launch": false,
            "enable_resource_name_dns_aaaa_record_on_launch": false,
            "id": "subnet-03e050907223f1119",
            "ipv6_cidr_block": "",
            "ipv6_cidr_block_association_id": "",
            "ipv6_native": false,
            "map_customer_owned_ip_on_launch": false,
            "map_public_ip_on_launch": true,
            "outpost_arn": "",
            "owner_id": "273505519511",
            "private_dns_hostname_type_on_launch": "ip-name",
            "tags": {
              "Name": "mentalhealth-ecs-public-az2"
            },
            "tags_all": {
              "Name": "mentalhealth-ecs-public-az2"
            },
            "timeouts": null,
            "vpc_id": "vpc-0c31c55dafe48a3b3"
          },
          "sensitive_attributes": [],
          "identity_schema_version": 0,
          "private": "eyJlMmJmYjczMC1lY2FhLTExZTYtOGY4OC0zNDM2M2JjN2M0YzAiOnsiY3JlYXRlIjo2MDAwMDAwMDAwMDAsImRlbGV0ZSI6MTIwMDAwMDAwMDAwMH0sInNjaGVtYV92ZXJzaW9uIjoiMSJ9",
          "dependencies": [
            "aws_vpc.this",
            "data.aws_availability_zones.available"
          ]
        }
      ]
    },
    {
      "mode": "managed",
      "type": "aws_vpc",
      "name": "this",
      "provider": "provider[\"registry.terraform.io/hashicorp/aws\"]",
      "instances": [
        {
          "schema_version": 1,
          "attributes": {
            "arn": "arn:aws:ec2:ap-south-1:273505519511:vpc/vpc-0c31c55dafe48a3b3",
            "assign_generated_ipv6_cidr_block": false,
            "cidr_block": "10.0.0.0/16",
            "default_network_acl_id": "acl-04ff82284338cc66c",
            "default_route_table_id": "rtb-07b011335cff6e740",
            "default_security_group_id": "sg-09099a9ec7f520577",
            "dhcp_options_id": "dopt-0976e74362cde68ea",
            "enable_dns_hostnames": true,
            "enable_dns_support": true,
            "enable_network_address_usage_metrics": false,
            "id": "vpc-0c31c55dafe48a3b3",
            "instance_tenancy": "default",
            "ipv4_ipam_pool_id": null,
            "ipv4_netmask_length": null,
            "ipv6_association_id": "",
            "ipv6_cidr_block": "",
            "ipv6_cidr_block_network_border_group": "",
            "ipv6_ipam_pool_id": "",
            "ipv6_netmask_length": 0,
            "main_route_table_id": "rtb-07b011335cff6e740",
            "owner_id": "273505519511",
            "tags": {
              "Name": "mentalhealth-ecs-vpc"
            },
            "tags_all": {
              "Name": "mentalhealth-ecs-vpc"
            }
          },
          "sensitive_attributes": [],
          "identity_schema_version": 0,
          "private": "eyJzY2hlbWFfdmVyc2lvbiI6IjEifQ=="
        }
      ]
    },
    {
      "mode": "managed",
      "type": "local_file",
      "name": "bastion_key",
      "provider": "provider[\"registry.terraform.io/hashicorp/local\"]",
      "instances": [
        {
          "schema_version": 0,
          "attributes": {
            "content": "-----BEGIN RSA PRIVATE KEY-----\nMIIJJwIBAAKCAgEAx2BpTkxqFF+I8DQGCYggYix6oJ2eYq9dTOVml9fZHa41ehPp\nx2WVm+/6sFSCA2e5eGOZPBmb5TsEMG/OENiUElgOHpsyqa9f3Vx5YF6Lyw3FRlwg\n8ZOerUFTHdLot6JuEJBcDP+nU9/l5BymcZyBE81F00LiM80aw/XWAGoYpyinWBLT\nd2GeJjErwCg2ilsUxiTaz9Ksu+XIR3UT9GasFTxT9FUuQBUql7Bv0OyLfoShj6eQ\nDV2LgrnYjo2XlzYd/y5GuAKVjzIoArOrSga64sgEXCvpG7Btub1zWEZcaGcSvsTU\no5N7ix3UZHcgXK2OVuuLLoPUGxyPlIir7d9Oe4UfR2ZNqOUkN7s9U/sKZVqSACar\nfGjUViRi2T8Bl6GpzXb5jkj1fVqcPykfrjhYFpAE0p090irmg58nKZFtY9DbWgKp\nUF9mmBoYJpZGpiOLSfLgMee+7dlnD3tk0z0SNF6H16DlcYXn6Kit0TmEK0nwWUPL\n74nXJmi6eQr4al592lmSqJFamEh//iYYeCXNcDaB256joEuYcVY4rRksVbCrZnV7\nkcLd3zQK+ggztfju1dhHHP/lc5dwLjk1YEStjB3YmdeT5MrDFGi/SAVTuz9+jVro\nCMAl8yGkQlo8tPSByxaG6gx7qCyt4gkNTskKLBW1EEGxW40M7l1lPki54LUCAwEA\nAQKCAgBXso2/dhc3DOq0FX4OVUVBSaVK3unbKJ3WhBVDdxs2VfmJ0BaFsaZEKCPR\nyepCSy6myNCPQghzpSjrkVJH0KwZAYh8Z/G5970oJlPxUsUUtOLwVvfaqv8h4FkK\nBkp888KMIKOMyCs21oZNd1izIo8YQbOUAJh1BqPeTFUsa36akGRDdkxz94lT7U78\nP/P1maiim3Vv8pAuOh2FaPc1CrBoytd24rzsTSMmA+K7OEEHjpluEdtoNZx3DP43\nfgqO5av+IcHTkLdufDZjMdqHPjyYIjjgviPUHR+2kqGY06Iz/hqdtQB/TxEJmT5i\nTo/6lBDHJOZcuHnkzwRM5m0RvabMIWMhwgGPSvSa19bI3WLpgDd7kxEFshOQBDqj\n4Su8cSPNLy8lo2kD30JCTJMrQIPewzCdJm49r8HgZL43b5Xld5GUm9cfMmW/WkXl\nrl3gggmZSvgoMuuL3qeNha+Dn3flT0wYRyE7IAbp6wKe6wtEVw08dArrT/3E5WjK\nPnJ3cLaatxC8eWoXGTpV/QQC/+acPzILY+UUUok3M9GtYmLPciBgHXdgtLU/W/9J\nZIQaAiZKfowDyDgIxPH9ZyEoQ6MBFMO/ERCBZe9GdxgVADx8Wn40ni/BwKVA/an8\nyLuEvToZsMARDeOaCsEwTsFU2s+y1PVf7caeJD8J0BLxfspFRQKCAQEA2xNhAE1u\nKSH5Ev1B/lOAwKVtGjOARY9x5+LNclRuDNPp/6653BvH1nbOCzzT2roK0ZIVRj4P\nJzjw/fkchf03/edv59NtjvFv+ONPkLbjkKoIhywhJZQlYClcUGe32dGgEnlCHh9p\nqRM+3+pmQRW+yXFjSa2jBT1gMQ2MS4elPvp2CyX804p5SDNi5KFbFLhutds36BXX\nA61zJGGH2LVxUtLTh5jK9/qkg+XbvJc5z8ZC27/hIJAcZxw806CVqmQU4azsI8wE\nrDIr3a2Afpmu+p0TwIlMSy+Ji0pgUKWOfUAcVVM/SzZ+X3ZUaPrY5n6cWF8WERWo\nT3s3a0MV5Yit8wKCAQEA6PsPqAQkoo7X96MOPzbM/Jig2B8Q4cOHDe79cPqoXIWN\nVWIkkTy3R+9T3+C9ryzlajZ0kC+5gx40IEOjVQvUSMDHUyZICgoqe54BA/wYXFow\nKSYAaJ4nAWKbHgONMTkzlgdJuNxNB/IMq4POmHdhg4u1d1S7zRVG++vESS484oDd\nrhBsdQysUJNfrolPRzivyQrub0h9QgHxUUvjOWlZxu5ouu8Fc/lVFnqXHf8N+jaS\ntmuqamMI1fPaJ8I2RcAhXvUSzN9FilftWCb+hVG9j5H5qEGFB5tzusnKtfEUXFLA\ndr/Up2Lp7fCY0vzSb9kHoVesq4u+Fbq5fBPPg15YtwKCAQAKpZF0Q08UPqttKdO4\nOXSraB66REB6oPMHMvWLFeFXTEE2BNbRhKQcnx96WlVtbtcxwii4hjGUVWcY4K9r\nL5g2BbZhjNvpM4CeluV6AfljQXAyqYle2ylJ2Bi9a5z6v/5Ih44YCqzG48GNfkXD\n6fugrJsHrKGckpQHLkJgNVJpkiCEgC8eVL96K80lkVXs1t3ChsnbxJvzeM18uiSw\n+nhsbwSKtXk/vfWa12PrcWoE1/zN0zBstbQ7qpqmKkq7witloFLFlpeviqypFFKH\nVI61bUbVd5a2nLPRiibOJI2dNq1p1CbiT96qYwTNKUu7P/H3NX/MCsJoQnO6CcOZ\nqR/TAoIBAB4IPvxpjE9oGm7RlgSQC9yD0DgLySFRExe4tvLZXNqQXKek/xG5weaD\n80vorIroPqpyWpQ7kq5UNmPyVBuiarr2HruZM7AXn2JP+9GHrZw6A/tJ6sORn3WO\nQHCeBJVTylKMnfQ2cbeUfA2f8AG3YdqTJ9E6GvtUwtG2kpbcXvzTn7/QXiq4d33r\ngWn+STnlFMPVpOazcXIQzgqsvZ2o9umt0dJG/Wz1twIuy0wSlLqsTj01o8ITAhCS\nXozBfD2Bhsu2y7WdElnC+9VhMW3+G3FmX8hQqdVRNJnfaUIK0ZUVFbo5ADCTj5Qc\nb5bDAF1qnJEvvBJg8R/b8g0MgLNudgECggEAdFTMEYgBlWCQtQru2B0BK/q5dfa9\neSgva2SbcJ0cxLIfvyS3MUHLreKKRikkBMxTYY90w2gJCrrRXLLokRi77hF0EO2t\nMhTHHO/wIxQSa/pfKh222gaQlnxNdNr1QE0h8qwbz5N27kx1OmUfCMF5LaZ8bA5g\nDEs5taIVw6MrqQDMif1FNPm6gE0eAJY9cOAaD2gB5M3gr3SPdVE8SJqaoWi6622/\nhKsOR+oQe1Kqfk1oav4tKK6PQVrSzTswrZZAXWvay8uy5J9Tw4112tnuZS1iuJK+\nBKHLynNan0rDxnwyOshcZGT9QiDdtotiivd+sDUPCS8flu+T7axtqGDb4g==\n-----END RSA PRIVATE KEY-----\n",
            "content_base64": null,
            "content_base64sha256": "WieJnBV39TrUhnNdW7LOBPPMKm7Iu+MJ+FnEsSHzBl8=",
            "content_base64sha512": "rfJYP4cUV5SErqaUZbIEO6N497cRSPpivjGo/w0r8GWu4KdS9NZtoASdR6SM3a8WFFO2+9eP64ELh1QMpwkr9Q==",
            "content_md5": "4e17c7475675a401f5558f0c47360750",
            "content_sha1": "025e84b5a650be8930ac6ddef2c8f262d61f47d3",
            "content_sha256": "5a27899c1577f53ad486735d5bb2ce04f3cc2a6ec8bbe309f859c4b121f3065f",
            "content_sha512": "adf2583f8714579484aea69465b2043ba378f7b71148fa62be31a8ff0d2bf065aee0a752f4d66da0049d47a48cddaf161453b6fbd78feb810b87540ca7092bf5",
            "directory_permission": "0777",
            "file_permission": "0400",
            "filename": "./bastion-key.pem",
            "id": "025e84b5a650be8930ac6ddef2c8f262d61f47d3",
            "sensitive_content": null,
            "source": null
          },
          "sensitive_attributes": [
            [
              {
                "type": "get_attr",
                "value": "content"
              }
            ],
            [
              {
                "type": "get_attr",
                "value": "sensitive_content"
              }
            ]
          ],
          "identity_schema_version": 0,
          "dependencies": [
            "tls_private_key.bastion"
          ]
        }
      ]
    },
    {
      "mode": "managed",
      "type": "tls_private_key",
      "name": "bastion",
      "provider": "provider[\"registry.terraform.io/hashicorp/tls\"]",
      "instances": [
        {
          "schema_version": 1,
          "attributes": {
            "algorithm": "RSA",
            "ecdsa_curve": "P224",
            "id": "9ebff51f06bfcec67a389a1288fec47762ada450",
            "private_key_openssh": "-----BEGIN OPENSSH PRIVATE KEY-----\nb3BlbnNzaC1rZXktdjEAAAAABG5vbmUAAAAEbm9uZQAAAAAAAAABAAACFwAAAAdz\nc2gtcnNhAAAAAwEAAQAAAgEAx2BpTkxqFF+I8DQGCYggYix6oJ2eYq9dTOVml9fZ\nHa41ehPpx2WVm+/6sFSCA2e5eGOZPBmb5TsEMG/OENiUElgOHpsyqa9f3Vx5YF6L\nyw3FRlwg8ZOerUFTHdLot6JuEJBcDP+nU9/l5BymcZyBE81F00LiM80aw/XWAGoY\npyinWBLTd2GeJjErwCg2ilsUxiTaz9Ksu+XIR3UT9GasFTxT9FUuQBUql7Bv0OyL\nfoShj6eQDV2LgrnYjo2XlzYd/y5GuAKVjzIoArOrSga64sgEXCvpG7Btub1zWEZc\naGcSvsTUo5N7ix3UZHcgXK2OVuuLLoPUGxyPlIir7d9Oe4UfR2ZNqOUkN7s9U/sK\nZVqSACarfGjUViRi2T8Bl6GpzXb5jkj1fVqcPykfrjhYFpAE0p090irmg58nKZFt\nY9DbWgKpUF9mmBoYJpZGpiOLSfLgMee+7dlnD3tk0z0SNF6H16DlcYXn6Kit0TmE\nK0nwWUPL74nXJmi6eQr4al592lmSqJFamEh//iYYeCXNcDaB256joEuYcVY4rRks\nVbCrZnV7kcLd3zQK+ggztfju1dhHHP/lc5dwLjk1YEStjB3YmdeT5MrDFGi/SAVT\nuz9+jVroCMAl8yGkQlo8tPSByxaG6gx7qCyt4gkNTskKLBW1EEGxW40M7l1lPki5\n4LUAAAc441gojONYKIwAAAAHc3NoLXJzYQAAAgEAx2BpTkxqFF+I8DQGCYggYix6\noJ2eYq9dTOVml9fZHa41ehPpx2WVm+/6sFSCA2e5eGOZPBmb5TsEMG/OENiUElgO\nHpsyqa9f3Vx5YF6Lyw3FRlwg8ZOerUFTHdLot6JuEJBcDP+nU9/l5BymcZyBE81F\n00LiM80aw/XWAGoYpyinWBLTd2GeJjErwCg2ilsUxiTaz9Ksu+XIR3UT9GasFTxT\n9FUuQBUql7Bv0OyLfoShj6eQDV2LgrnYjo2XlzYd/y5GuAKVjzIoArOrSga64sgE\nXCvpG7Btub1zWEZcaGcSvsTUo5N7ix3UZHcgXK2OVuuLLoPUGxyPlIir7d9Oe4Uf\nR2ZNqOUkN7s9U/sKZVqSACarfGjUViRi2T8Bl6GpzXb5jkj1fVqcPykfrjhYFpAE\n0p090irmg58nKZFtY9DbWgKpUF9mmBoYJpZGpiOLSfLgMee+7dlnD3tk0z0SNF6H\n16DlcYXn6Kit0TmEK0nwWUPL74nXJmi6eQr4al592lmSqJFamEh//iYYeCXNcDaB\n256joEuYcVY4rRksVbCrZnV7kcLd3zQK+ggztfju1dhHHP/lc5dwLjk1YEStjB3Y\nmdeT5MrDFGi/SAVTuz9+jVroCMAl8yGkQlo8tPSByxaG6gx7qCyt4gkNTskKLBW1\nEEGxW40M7l1lPki54LUAAAADAQABAAACAFeyjb92FzcM6rQVfg5VRUFJpUre6dso\nndaEFUN3GzZV+YnQFoWxpkQoI9HJ6kJLLqbI0I9CCHOlKOuRUkfQrBkBiHxn8bn3\nvSgmU/FSxRS04vBW99qq/yHgWQoGSnzzwowgo4zIKzbWhk13WLMijxhBs5QAmHUG\no95MVSxrfpqQZEN2THP3iVPtTvw/8/WZqKKbdW/ykC46HYVo9zUKsGjK13bivOxN\nIyYD4rs4QQeOmW4R22g1nHcM/jd+Co7lq/4hwdOQt258NmMx2oc+PJgiOOC+I9Qd\nH7aSoZjTojP+Gp21AH9PEQmZPmJOj/qUEMck5ly4eeTPBEzmbRG9pswhYyHCAY9K\n9JrX1sjdYumAN3uTEQWyE5AEOqPhK7xxI80vLyWjaQPfQkJMkytAg97DMJ0mbj2v\nweBkvjdvleV3kZSb1x8yZb9aReWuXeCCCZlK+Cgy64vep42Fr4Ofd+VPTBhHITsg\nBunrAp7rC0RXDTx0CutP/cTlaMo+cndwtpq3ELx5ahcZOlX9BAL/5pw/Mgtj5RRS\niTcz0a1iYs9yIGAdd2C0tT9b/0lkhBoCJkp+jAPIOAjE8f1nIShDowEUw78REIFl\n70Z3GBUAPHxafjSeL8HApUD9qfzIu4S9OhmwwBEN45oKwTBOwVTaz7LU9V/txp4k\nPwnQEvF+ykVFAAABAHRUzBGIAZVgkLUK7tgdASv6uXX2vXkoL2tkm3CdHMSyH78k\ntzFBy63iikYpJATMU2GPdMNoCQq60Vyy6JEYu+4RdBDtrTIUxxzv8CMUEmv6Xyod\nttoGkJZ8TXTa9UBNIfKsG8+Tdu5MdTplHwjBeS2mfGwOYAxLObWiFcOjK6kAzIn9\nRTT5uoBNHgCWPXDgGg9oAeTN4K90j3VRPEiamqFouuttv4SrDkfqEHtSqn5NaGr+\nLSiuj0Fa0s07MK2WQF1r2svLsuSfU8ONddrZ7mUtYriSvgShy8pzWp9Kw8Z8MjrI\nXGRk/UIg3baLYor3frA1DwkvH5bvk+2sbahg2+IAAAEBANsTYQBNbikh+RL9Qf5T\ngMClbRozgEWPcefizXJUbgzT6f+uudwbx9Z2zgs809q6CtGSFUY+Dyc48P35HIX9\nN/3nb+fTbY7xb/jjT5C245CqCIcsISWUJWApXFBnt9nRoBJ5Qh4faakTPt/qZkEV\nvslxY0mtowU9YDENjEuHpT76dgsl/NOKeUgzYuShWxS4brXbN+gV1wOtcyRhh9i1\ncVLS04eYyvf6pIPl27yXOc/GQtu/4SCQHGccPNOglapkFOGs7CPMBKwyK92tgH6Z\nrvqdE8CJTEsviYtKYFCljn1AHFVTP0s2fl92VGj62OZ+nFhfFhEVqE97N2tDFeWI\nrfMAAAEBAOj7D6gEJKKO1/ejDj82zPyYoNgfEOHDhw3u/XD6qFyFjVViJJE8t0fv\nU9/gva8s5Wo2dJAvuYMeNCBDo1UL1EjAx1MmSAoKKnueAQP8GFxaMCkmAGieJwFi\nmx4DjTE5M5YHSbjcTQfyDKuDzph3YYOLtXdUu80VRvvrxEkuPOKA3a4QbHUMrFCT\nX66JT0c4r8kK7m9IfUIB8VFL4zlpWcbuaLrvBXP5VRZ6lx3/Dfo2krZrqmpjCNXz\n2ifCNkXAIV71EszfRYpX7Vgm/oVRvY+R+ahBhQebc7rJyrXxFFxSwHa/1Kdi6e3w\nmNL80m/ZB6FXrKuLvhW6uXwTz4NeWLcAAAAAAQID\n-----END OPENSSH PRIVATE KEY-----\n",
            "private_key_pem": "-----BEGIN RSA PRIVATE KEY-----\nMIIJJwIBAAKCAgEAx2BpTkxqFF+I8DQGCYggYix6oJ2eYq9dTOVml9fZHa41ehPp\nx2WVm+/6sFSCA2e5eGOZPBmb5TsEMG/OENiUElgOHpsyqa9f3Vx5YF6Lyw3FRlwg\n8ZOerUFTHdLot6JuEJBcDP+nU9/l5BymcZyBE81F00LiM80aw/XWAGoYpyinWBLT\nd2GeJjErwCg2ilsUxiTaz9Ksu+XIR3UT9GasFTxT9FUuQBUql7Bv0OyLfoShj6eQ\nDV2LgrnYjo2XlzYd/y5GuAKVjzIoArOrSga64sgEXCvpG7Btub1zWEZcaGcSvsTU\no5N7ix3UZHcgXK2OVuuLLoPUGxyPlIir7d9Oe4UfR2ZNqOUkN7s9U/sKZVqSACar\nfGjUViRi2T8Bl6GpzXb5jkj1fVqcPykfrjhYFpAE0p090irmg58nKZFtY9DbWgKp\nUF9mmBoYJpZGpiOLSfLgMee+7dlnD3tk0z0SNF6H16DlcYXn6Kit0TmEK0nwWUPL\n74nXJmi6eQr4al592lmSqJFamEh//iYYeCXNcDaB256joEuYcVY4rRksVbCrZnV7\nkcLd3zQK+ggztfju1dhHHP/lc5dwLjk1YEStjB3YmdeT5MrDFGi/SAVTuz9+jVro\nCMAl8yGkQlo8tPSByxaG6gx7qCyt4gkNTskKLBW1EEGxW40M7l1lPki54LUCAwEA\nAQKCAgBXso2/dhc3DOq0FX4OVUVBSaVK3unbKJ3WhBVDdxs2VfmJ0BaFsaZEKCPR\nyepCSy6myNCPQghzpSjrkVJH0KwZAYh8Z/G5970oJlPxUsUUtOLwVvfaqv8h4FkK\nBkp888KMIKOMyCs21oZNd1izIo8YQbOUAJh1BqPeTFUsa36akGRDdkxz94lT7U78\nP/P1maiim3Vv8pAuOh2FaPc1CrBoytd24rzsTSMmA+K7OEEHjpluEdtoNZx3DP43\nfgqO5av+IcHTkLdufDZjMdqHPjyYIjjgviPUHR+2kqGY06Iz/hqdtQB/TxEJmT5i\nTo/6lBDHJOZcuHnkzwRM5m0RvabMIWMhwgGPSvSa19bI3WLpgDd7kxEFshOQBDqj\n4Su8cSPNLy8lo2kD30JCTJMrQIPewzCdJm49r8HgZL43b5Xld5GUm9cfMmW/WkXl\nrl3gggmZSvgoMuuL3qeNha+Dn3flT0wYRyE7IAbp6wKe6wtEVw08dArrT/3E5WjK\nPnJ3cLaatxC8eWoXGTpV/QQC/+acPzILY+UUUok3M9GtYmLPciBgHXdgtLU/W/9J\nZIQaAiZKfowDyDgIxPH9ZyEoQ6MBFMO/ERCBZe9GdxgVADx8Wn40ni/BwKVA/an8\nyLuEvToZsMARDeOaCsEwTsFU2s+y1PVf7caeJD8J0BLxfspFRQKCAQEA2xNhAE1u\nKSH5Ev1B/lOAwKVtGjOARY9x5+LNclRuDNPp/6653BvH1nbOCzzT2roK0ZIVRj4P\nJzjw/fkchf03/edv59NtjvFv+ONPkLbjkKoIhywhJZQlYClcUGe32dGgEnlCHh9p\nqRM+3+pmQRW+yXFjSa2jBT1gMQ2MS4elPvp2CyX804p5SDNi5KFbFLhutds36BXX\nA61zJGGH2LVxUtLTh5jK9/qkg+XbvJc5z8ZC27/hIJAcZxw806CVqmQU4azsI8wE\nrDIr3a2Afpmu+p0TwIlMSy+Ji0pgUKWOfUAcVVM/SzZ+X3ZUaPrY5n6cWF8WERWo\nT3s3a0MV5Yit8wKCAQEA6PsPqAQkoo7X96MOPzbM/Jig2B8Q4cOHDe79cPqoXIWN\nVWIkkTy3R+9T3+C9ryzlajZ0kC+5gx40IEOjVQvUSMDHUyZICgoqe54BA/wYXFow\nKSYAaJ4nAWKbHgONMTkzlgdJuNxNB/IMq4POmHdhg4u1d1S7zRVG++vESS484oDd\nrhBsdQysUJNfrolPRzivyQrub0h9QgHxUUvjOWlZxu5ouu8Fc/lVFnqXHf8N+jaS\ntmuqamMI1fPaJ8I2RcAhXvUSzN9FilftWCb+hVG9j5H5qEGFB5tzusnKtfEUXFLA\ndr/Up2Lp7fCY0vzSb9kHoVesq4u+Fbq5fBPPg15YtwKCAQAKpZF0Q08UPqttKdO4\nOXSraB66REB6oPMHMvWLFeFXTEE2BNbRhKQcnx96WlVtbtcxwii4hjGUVWcY4K9r\nL5g2BbZhjNvpM4CeluV6AfljQXAyqYle2ylJ2Bi9a5z6v/5Ih44YCqzG48GNfkXD\n6fugrJsHrKGckpQHLkJgNVJpkiCEgC8eVL96K80lkVXs1t3ChsnbxJvzeM18uiSw\n+nhsbwSKtXk/vfWa12PrcWoE1/zN0zBstbQ7qpqmKkq7witloFLFlpeviqypFFKH\nVI61bUbVd5a2nLPRiibOJI2dNq1p1CbiT96qYwTNKUu7P/H3NX/MCsJoQnO6CcOZ\nqR/TAoIBAB4IPvxpjE9oGm7RlgSQC9yD0DgLySFRExe4tvLZXNqQXKek/xG5weaD\n80vorIroPqpyWpQ7kq5UNmPyVBuiarr2HruZM7AXn2JP+9GHrZw6A/tJ6sORn3WO\nQHCeBJVTylKMnfQ2cbeUfA2f8AG3YdqTJ9E6GvtUwtG2kpbcXvzTn7/QXiq4d33r\ngWn+STnlFMPVpOazcXIQzgqsvZ2o9umt0dJG/Wz1twIuy0wSlLqsTj01o8ITAhCS\nXozBfD2Bhsu2y7WdElnC+9VhMW3+G3FmX8hQqdVRNJnfaUIK0ZUVFbo5ADCTj5Qc\nb5bDAF1qnJEvvBJg8R/b8g0MgLNudgECggEAdFTMEYgBlWCQtQru2B0BK/q5dfa9\neSgva2SbcJ0cxLIfvyS3MUHLreKKRikkBMxTYY90w2gJCrrRXLLokRi77hF0EO2t\nMhTHHO/wIxQSa/pfKh222gaQlnxNdNr1QE0h8qwbz5N27kx1OmUfCMF5LaZ8bA5g\nDEs5taIVw6MrqQDMif1FNPm6gE0eAJY9cOAaD2gB5M3gr3SPdVE8SJqaoWi6622/\nhKsOR+oQe1Kqfk1oav4tKK6PQVrSzTswrZZAXWvay8uy5J9Tw4112tnuZS1iuJK+\nBKHLynNan0rDxnwyOshcZGT9QiDdtotiivd+sDUPCS8flu+T7axtqGDb4g==\n-----END RSA PRIVATE KEY-----\n",
            "private_key_pem_pkcs8": "-----BEGIN PRIVATE KEY-----\nMIIJQQIBADANBgkqhkiG9w0BAQEFAASCCSswggknAgEAAoICAQDHYGlOTGoUX4jw\nNAYJiCBiLHqgnZ5ir11M5WaX19kdrjV6E+nHZZWb7/qwVIIDZ7l4Y5k8GZvlOwQw\nb84Q2JQSWA4emzKpr1/dXHlgXovLDcVGXCDxk56tQVMd0ui3om4QkFwM/6dT3+Xk\nHKZxnIETzUXTQuIzzRrD9dYAahinKKdYEtN3YZ4mMSvAKDaKWxTGJNrP0qy75chH\ndRP0ZqwVPFP0VS5AFSqXsG/Q7It+hKGPp5ANXYuCudiOjZeXNh3/Lka4ApWPMigC\ns6tKBrriyARcK+kbsG25vXNYRlxoZxK+xNSjk3uLHdRkdyBcrY5W64sug9QbHI+U\niKvt3057hR9HZk2o5SQ3uz1T+wplWpIAJqt8aNRWJGLZPwGXoanNdvmOSPV9Wpw/\nKR+uOFgWkATSnT3SKuaDnycpkW1j0NtaAqlQX2aYGhgmlkamI4tJ8uAx577t2WcP\ne2TTPRI0XofXoOVxhefoqK3ROYQrSfBZQ8vvidcmaLp5CvhqXn3aWZKokVqYSH/+\nJhh4Jc1wNoHbnqOgS5hxVjitGSxVsKtmdXuRwt3fNAr6CDO1+O7V2Ecc/+Vzl3Au\nOTVgRK2MHdiZ15PkysMUaL9IBVO7P36NWugIwCXzIaRCWjy09IHLFobqDHuoLK3i\nCQ1OyQosFbUQQbFbjQzuXWU+SLngtQIDAQABAoICAFeyjb92FzcM6rQVfg5VRUFJ\npUre6dsondaEFUN3GzZV+YnQFoWxpkQoI9HJ6kJLLqbI0I9CCHOlKOuRUkfQrBkB\niHxn8bn3vSgmU/FSxRS04vBW99qq/yHgWQoGSnzzwowgo4zIKzbWhk13WLMijxhB\ns5QAmHUGo95MVSxrfpqQZEN2THP3iVPtTvw/8/WZqKKbdW/ykC46HYVo9zUKsGjK\n13bivOxNIyYD4rs4QQeOmW4R22g1nHcM/jd+Co7lq/4hwdOQt258NmMx2oc+PJgi\nOOC+I9QdH7aSoZjTojP+Gp21AH9PEQmZPmJOj/qUEMck5ly4eeTPBEzmbRG9pswh\nYyHCAY9K9JrX1sjdYumAN3uTEQWyE5AEOqPhK7xxI80vLyWjaQPfQkJMkytAg97D\nMJ0mbj2vweBkvjdvleV3kZSb1x8yZb9aReWuXeCCCZlK+Cgy64vep42Fr4Ofd+VP\nTBhHITsgBunrAp7rC0RXDTx0CutP/cTlaMo+cndwtpq3ELx5ahcZOlX9BAL/5pw/\nMgtj5RRSiTcz0a1iYs9yIGAdd2C0tT9b/0lkhBoCJkp+jAPIOAjE8f1nIShDowEU\nw78REIFl70Z3GBUAPHxafjSeL8HApUD9qfzIu4S9OhmwwBEN45oKwTBOwVTaz7LU\n9V/txp4kPwnQEvF+ykVFAoIBAQDbE2EATW4pIfkS/UH+U4DApW0aM4BFj3Hn4s1y\nVG4M0+n/rrncG8fWds4LPNPaugrRkhVGPg8nOPD9+RyF/Tf952/n022O8W/440+Q\ntuOQqgiHLCEllCVgKVxQZ7fZ0aASeUIeH2mpEz7f6mZBFb7JcWNJraMFPWAxDYxL\nh6U++nYLJfzTinlIM2LkoVsUuG612zfoFdcDrXMkYYfYtXFS0tOHmMr3+qSD5du8\nlznPxkLbv+EgkBxnHDzToJWqZBThrOwjzASsMivdrYB+ma76nRPAiUxLL4mLSmBQ\npY59QBxVUz9LNn5fdlRo+tjmfpxYXxYRFahPezdrQxXliK3zAoIBAQDo+w+oBCSi\njtf3ow4/Nsz8mKDYHxDhw4cN7v1w+qhchY1VYiSRPLdH71Pf4L2vLOVqNnSQL7mD\nHjQgQ6NVC9RIwMdTJkgKCip7ngED/BhcWjApJgBonicBYpseA40xOTOWB0m43E0H\n8gyrg86Yd2GDi7V3VLvNFUb768RJLjzigN2uEGx1DKxQk1+uiU9HOK/JCu5vSH1C\nAfFRS+M5aVnG7mi67wVz+VUWepcd/w36NpK2a6pqYwjV89onwjZFwCFe9RLM30WK\nV+1YJv6FUb2PkfmoQYUHm3O6ycq18RRcUsB2v9SnYunt8JjS/NJv2QehV6yri74V\nurl8E8+DXli3AoIBAAqlkXRDTxQ+q20p07g5dKtoHrpEQHqg8wcy9YsV4VdMQTYE\n1tGEpByfH3paVW1u1zHCKLiGMZRVZxjgr2svmDYFtmGM2+kzgJ6W5XoB+WNBcDKp\niV7bKUnYGL1rnPq//kiHjhgKrMbjwY1+RcPp+6CsmwesoZySlAcuQmA1UmmSIISA\nLx5Uv3orzSWRVezW3cKGydvEm/N4zXy6JLD6eGxvBIq1eT+99ZrXY+txagTX/M3T\nMGy1tDuqmqYqSrvCK2WgUsWWl6+KrKkUUodUjrVtRtV3lracs9GKJs4kjZ02rWnU\nJuJP3qpjBM0pS7s/8fc1f8wKwmhCc7oJw5mpH9MCggEAHgg+/GmMT2gabtGWBJAL\n3IPQOAvJIVETF7i28tlc2pBcp6T/EbnB5oPzS+isiug+qnJalDuSrlQ2Y/JUG6Jq\nuvYeu5kzsBefYk/70YetnDoD+0nqw5GfdY5AcJ4ElVPKUoyd9DZxt5R8DZ/wAbdh\n2pMn0Toa+1TC0baSltxe/NOfv9BeKrh3feuBaf5JOeUUw9Wk5rNxchDOCqy9naj2\n6a3R0kb9bPW3Ai7LTBKUuqxOPTWjwhMCEJJejMF8PYGGy7bLtZ0SWcL71WExbf4b\ncWZfyFCp1VE0md9pQgrRlRUVujkAMJOPlBxvlsMAXWqckS+8EmDxH9vyDQyAs252\nAQKCAQB0VMwRiAGVYJC1Cu7YHQEr+rl19r15KC9rZJtwnRzEsh+/JLcxQcut4opG\nKSQEzFNhj3TDaAkKutFcsuiRGLvuEXQQ7a0yFMcc7/AjFBJr+l8qHbbaBpCWfE10\n2vVATSHyrBvPk3buTHU6ZR8IwXktpnxsDmAMSzm1ohXDoyupAMyJ/UU0+bqATR4A\nlj1w4BoPaAHkzeCvdI91UTxImpqhaLrrbb+Eqw5H6hB7Uqp+TWhq/i0oro9BWtLN\nOzCtlkBda9rLy7Lkn1PDjXXa2e5lLWK4kr4EocvKc1qfSsPGfDI6yFxkZP1CIN22\ni2KK936wNQ8JLx+W75PtrG2oYNvi\n-----END PRIVATE KEY-----\n",
            "public_key_fingerprint_md5": "44:d7:18:58:6f:b2:b1:30:6b:96:b2:c9:ef:85:51:bc",
            "public_key_fingerprint_sha256": "SHA256:eQBY7Gd+NWwl/6b+3nCy+MlkjAoBOvF/713+ww1VAmI",
            "public_key_openssh": "ssh-rsa AAAAB3NzaC1yc2EAAAADAQABAAACAQDHYGlOTGoUX4jwNAYJiCBiLHqgnZ5ir11M5WaX19kdrjV6E+nHZZWb7/qwVIIDZ7l4Y5k8GZvlOwQwb84Q2JQSWA4emzKpr1/dXHlgXovLDcVGXCDxk56tQVMd0ui3om4QkFwM/6dT3+XkHKZxnIETzUXTQuIzzRrD9dYAahinKKdYEtN3YZ4mMSvAKDaKWxTGJNrP0qy75chHdRP0ZqwVPFP0VS5AFSqXsG/Q7It+hKGPp5ANXYuCudiOjZeXNh3/Lka4ApWPMigCs6tKBrriyARcK+kbsG25vXNYRlxoZxK+xNSjk3uLHdRkdyBcrY5W64sug9QbHI+UiKvt3057hR9HZk2o5SQ3uz1T+wplWpIAJqt8aNRWJGLZPwGXoanNdvmOSPV9Wpw/KR+uOFgWkATSnT3SKuaDnycpkW1j0NtaAqlQX2aYGhgmlkamI4tJ8uAx577t2WcPe2TTPRI0XofXoOVxhefoqK3ROYQrSfBZQ8vvidcmaLp5CvhqXn3aWZKokVqYSH/+Jhh4Jc1wNoHbnqOgS5hxVjitGSxVsKtmdXuRwt3fNAr6CDO1+O7V2Ecc/+Vzl3AuOTVgRK2MHdiZ15PkysMUaL9IBVO7P36NWugIwCXzIaRCWjy09IHLFobqDHuoLK3iCQ1OyQosFbUQQbFbjQzuXWU+SLngtQ==\n",
            "public_key_pem": "-----BEGIN PUBLIC KEY-----\nMIICIjANBgkqhkiG9w0BAQEFAAOCAg8AMIICCgKCAgEAx2BpTkxqFF+I8DQGCYgg\nYix6oJ2eYq9dTOVml9fZHa41ehPpx2WVm+/6sFSCA2e5eGOZPBmb5TsEMG/OENiU\nElgOHpsyqa9f3Vx5YF6Lyw3FRlwg8ZOerUFTHdLot6JuEJBcDP+nU9/l5BymcZyB\nE81F00LiM80aw/XWAGoYpyinWBLTd2GeJjErwCg2ilsUxiTaz9Ksu+XIR3UT9Gas\nFTxT9FUuQBUql7Bv0OyLfoShj6eQDV2LgrnYjo2XlzYd/y5GuAKVjzIoArOrSga6\n4sgEXCvpG7Btub1zWEZcaGcSvsTUo5N7ix3UZHcgXK2OVuuLLoPUGxyPlIir7d9O\ne4UfR2ZNqOUkN7s9U/sKZVqSACarfGjUViRi2T8Bl6GpzXb5jkj1fVqcPykfrjhY\nFpAE0p090irmg58nKZFtY9DbWgKpUF9mmBoYJpZGpiOLSfLgMee+7dlnD3tk0z0S\nNF6H16DlcYXn6Kit0TmEK0nwWUPL74nXJmi6eQr4al592lmSqJFamEh//iYYeCXN\ncDaB256joEuYcVY4rRksVbCrZnV7kcLd3zQK+ggztfju1dhHHP/lc5dwLjk1YESt\njB3YmdeT5MrDFGi/SAVTuz9+jVroCMAl8yGkQlo8tPSByxaG6gx7qCyt4gkNTskK\nLBW1EEGxW40M7l1lPki54LUCAwEAAQ==\n-----END PUBLIC KEY-----\n",
            "rsa_bits": 4096
          },
          "sensitive_attributes": [
            [
              {
                "type": "get_attr",
                "value": "private_key_openssh"
              }
            ],
            [
              {
                "type": "get_attr",
                "value": "private_key_pem"
              }
            ],
            [
              {
                "type": "get_attr",
                "value": "private_key_pem_pkcs8"
              }
            ]
          ],
          "identity_schema_version": 0
        }
      ]
    }
  ],
  "check_results": null
}
